// !$*UTF8*$!
{
	archiveVersion = 1;
	classes = {
	};
	objectVersion = 50;
	objects = {

/* Begin PBXBuildFile section */
		2D1BA49B23C59CC400798CEC /* sixthPartOne.swift in Sources */ = {isa = PBXBuildFile; fileRef = 2D1BA49A23C59CC400798CEC /* sixthPartOne.swift */; };
		2D28B29123C2FF8300112540 /* AppDelegate.swift in Sources */ = {isa = PBXBuildFile; fileRef = 2D28B29023C2FF8300112540 /* AppDelegate.swift */; };
		2D28B29323C2FF8300112540 /* SceneDelegate.swift in Sources */ = {isa = PBXBuildFile; fileRef = 2D28B29223C2FF8300112540 /* SceneDelegate.swift */; };
		2D28B29523C2FF8300112540 /* ViewController.swift in Sources */ = {isa = PBXBuildFile; fileRef = 2D28B29423C2FF8300112540 /* ViewController.swift */; };
		2D28B29823C2FF8300112540 /* Main.storyboard in Resources */ = {isa = PBXBuildFile; fileRef = 2D28B29623C2FF8300112540 /* Main.storyboard */; };
		2D28B29A23C2FF8400112540 /* Assets.xcassets in Resources */ = {isa = PBXBuildFile; fileRef = 2D28B29923C2FF8400112540 /* Assets.xcassets */; };
		2D28B29D23C2FF8400112540 /* LaunchScreen.storyboard in Resources */ = {isa = PBXBuildFile; fileRef = 2D28B29B23C2FF8400112540 /* LaunchScreen.storyboard */; };
		2D28B2A823C2FF8400112540 /* animationSwiftTests.swift in Sources */ = {isa = PBXBuildFile; fileRef = 2D28B2A723C2FF8400112540 /* animationSwiftTests.swift */; };
		2D28B2B323C2FF8400112540 /* animationSwiftUITests.swift in Sources */ = {isa = PBXBuildFile; fileRef = 2D28B2B223C2FF8400112540 /* animationSwiftUITests.swift */; };
		2D28B2C123C36F8B00112540 /* SecondViewController.swift in Sources */ = {isa = PBXBuildFile; fileRef = 2D28B2C023C36F8B00112540 /* SecondViewController.swift */; };
		2D28B2C323C3818B00112540 /* turntable.png in Resources */ = {isa = PBXBuildFile; fileRef = 2D28B2C223C3818B00112540 /* turntable.png */; };
		2D28B2C523C382B600112540 /* ThirdViewController.swift in Sources */ = {isa = PBXBuildFile; fileRef = 2D28B2C423C382B600112540 /* ThirdViewController.swift */; };
		2D28B2CA23C39A5000112540 /* thirdPartOneViewController.swift in Sources */ = {isa = PBXBuildFile; fileRef = 2D28B2C923C39A5000112540 /* thirdPartOneViewController.swift */; };
		2D28B2CD23C39D0300112540 /* Airport.png in Resources */ = {isa = PBXBuildFile; fileRef = 2D28B2CB23C39D0300112540 /* Airport.png */; };
		2D28B2CE23C39D0300112540 /* Plane.png in Resources */ = {isa = PBXBuildFile; fileRef = 2D28B2CC23C39D0300112540 /* Plane.png */; };
		2D28B2D023C4130700112540 /* ThirdPartTwoViewController.swift in Sources */ = {isa = PBXBuildFile; fileRef = 2D28B2CF23C4130700112540 /* ThirdPartTwoViewController.swift */; };
		2D28B2D323C46BCC00112540 /* ForthPartOneViewController.swift in Sources */ = {isa = PBXBuildFile; fileRef = 2D28B2D223C46BCC00112540 /* ForthPartOneViewController.swift */; };
		2D28B31C23C472D100112540 /* 1.png in Resources */ = {isa = PBXBuildFile; fileRef = 2D28B2DA23C472CD00112540 /* 1.png */; };
		2D28B31D23C472D100112540 /* 7.png in Resources */ = {isa = PBXBuildFile; fileRef = 2D28B2DB23C472CE00112540 /* 7.png */; };
		2D28B31E23C472D100112540 /* 16.png in Resources */ = {isa = PBXBuildFile; fileRef = 2D28B2DC23C472CE00112540 /* 16.png */; };
		2D28B31F23C472D100112540 /* 9.png in Resources */ = {isa = PBXBuildFile; fileRef = 2D28B2DD23C472CE00112540 /* 9.png */; };
		2D28B32023C472D100112540 /* 56.png in Resources */ = {isa = PBXBuildFile; fileRef = 2D28B2DE23C472CE00112540 /* 56.png */; };
		2D28B32123C472D100112540 /* 37.png in Resources */ = {isa = PBXBuildFile; fileRef = 2D28B2DF23C472CE00112540 /* 37.png */; };
		2D28B32223C472D100112540 /* 12.png in Resources */ = {isa = PBXBuildFile; fileRef = 2D28B2E023C472CE00112540 /* 12.png */; };
		2D28B32323C472D100112540 /* 18.png in Resources */ = {isa = PBXBuildFile; fileRef = 2D28B2E123C472CE00112540 /* 18.png */; };
		2D28B32423C472D100112540 /* 26.png in Resources */ = {isa = PBXBuildFile; fileRef = 2D28B2E223C472CE00112540 /* 26.png */; };
		2D28B32523C472D100112540 /* 25.png in Resources */ = {isa = PBXBuildFile; fileRef = 2D28B2E323C472CE00112540 /* 25.png */; };
		2D28B32623C472D100112540 /* 22.png in Resources */ = {isa = PBXBuildFile; fileRef = 2D28B2E423C472CE00112540 /* 22.png */; };
		2D28B32723C472D100112540 /* 64.png in Resources */ = {isa = PBXBuildFile; fileRef = 2D28B2E523C472CE00112540 /* 64.png */; };
		2D28B32823C472D100112540 /* 48.png in Resources */ = {isa = PBXBuildFile; fileRef = 2D28B2E623C472CE00112540 /* 48.png */; };
		2D28B32923C472D100112540 /* 57.png in Resources */ = {isa = PBXBuildFile; fileRef = 2D28B2E723C472CE00112540 /* 57.png */; };
		2D28B32A23C472D100112540 /* 2.png in Resources */ = {isa = PBXBuildFile; fileRef = 2D28B2E823C472CE00112540 /* 2.png */; };
		2D28B32B23C472D100112540 /* 24.png in Resources */ = {isa = PBXBuildFile; fileRef = 2D28B2E923C472CE00112540 /* 24.png */; };
		2D28B32C23C472D100112540 /* 29.png in Resources */ = {isa = PBXBuildFile; fileRef = 2D28B2EA23C472CE00112540 /* 29.png */; };
		2D28B32D23C472D100112540 /* 19.png in Resources */ = {isa = PBXBuildFile; fileRef = 2D28B2EB23C472CE00112540 /* 19.png */; };
		2D28B32E23C472D100112540 /* 27.png in Resources */ = {isa = PBXBuildFile; fileRef = 2D28B2EC23C472CE00112540 /* 27.png */; };
		2D28B32F23C472D100112540 /* 44.png in Resources */ = {isa = PBXBuildFile; fileRef = 2D28B2ED23C472CE00112540 /* 44.png */; };
		2D28B33023C472D100112540 /* 47.png in Resources */ = {isa = PBXBuildFile; fileRef = 2D28B2EE23C472CF00112540 /* 47.png */; };
		2D28B33123C472D100112540 /* 49.png in Resources */ = {isa = PBXBuildFile; fileRef = 2D28B2EF23C472CF00112540 /* 49.png */; };
		2D28B33223C472D100112540 /* 54.png in Resources */ = {isa = PBXBuildFile; fileRef = 2D28B2F023C472CF00112540 /* 54.png */; };
		2D28B33323C472D100112540 /* 20.png in Resources */ = {isa = PBXBuildFile; fileRef = 2D28B2F123C472CF00112540 /* 20.png */; };
		2D28B33423C472D100112540 /* 31.png in Resources */ = {isa = PBXBuildFile; fileRef = 2D28B2F223C472CF00112540 /* 31.png */; };
		2D28B33523C472D100112540 /* 17.png in Resources */ = {isa = PBXBuildFile; fileRef = 2D28B2F323C472CF00112540 /* 17.png */; };
		2D28B33623C472D100112540 /* 65.png in Resources */ = {isa = PBXBuildFile; fileRef = 2D28B2F423C472CF00112540 /* 65.png */; };
		2D28B33723C472D100112540 /* 63.png in Resources */ = {isa = PBXBuildFile; fileRef = 2D28B2F523C472CF00112540 /* 63.png */; };
		2D28B33823C472D100112540 /* 46.png in Resources */ = {isa = PBXBuildFile; fileRef = 2D28B2F623C472CF00112540 /* 46.png */; };
		2D28B33923C472D100112540 /* 52.png in Resources */ = {isa = PBXBuildFile; fileRef = 2D28B2F723C472CF00112540 /* 52.png */; };
		2D28B33A23C472D100112540 /* 33.png in Resources */ = {isa = PBXBuildFile; fileRef = 2D28B2F823C472CF00112540 /* 33.png */; };
		2D28B33B23C472D100112540 /* 51.png in Resources */ = {isa = PBXBuildFile; fileRef = 2D28B2F923C472CF00112540 /* 51.png */; };
		2D28B33C23C472D100112540 /* 53.png in Resources */ = {isa = PBXBuildFile; fileRef = 2D28B2FA23C472CF00112540 /* 53.png */; };
		2D28B33D23C472D100112540 /* 39.png in Resources */ = {isa = PBXBuildFile; fileRef = 2D28B2FB23C472CF00112540 /* 39.png */; };
		2D28B33E23C472D100112540 /* 15.png in Resources */ = {isa = PBXBuildFile; fileRef = 2D28B2FC23C472CF00112540 /* 15.png */; };
		2D28B33F23C472D100112540 /* 58.png in Resources */ = {isa = PBXBuildFile; fileRef = 2D28B2FD23C472CF00112540 /* 58.png */; };
		2D28B34023C472D100112540 /* 50.png in Resources */ = {isa = PBXBuildFile; fileRef = 2D28B2FE23C472D000112540 /* 50.png */; };
		2D28B34123C472D100112540 /* 30.png in Resources */ = {isa = PBXBuildFile; fileRef = 2D28B2FF23C472D000112540 /* 30.png */; };
		2D28B34223C472D100112540 /* 66.png in Resources */ = {isa = PBXBuildFile; fileRef = 2D28B30023C472D000112540 /* 66.png */; };
		2D28B34323C472D100112540 /* 42.png in Resources */ = {isa = PBXBuildFile; fileRef = 2D28B30123C472D000112540 /* 42.png */; };
		2D28B34423C472D100112540 /* 43.png in Resources */ = {isa = PBXBuildFile; fileRef = 2D28B30223C472D000112540 /* 43.png */; };
		2D28B34523C472D100112540 /* 21.png in Resources */ = {isa = PBXBuildFile; fileRef = 2D28B30323C472D000112540 /* 21.png */; };
		2D28B34623C472D100112540 /* 23.png in Resources */ = {isa = PBXBuildFile; fileRef = 2D28B30423C472D000112540 /* 23.png */; };
		2D28B34723C472D100112540 /* 13.png in Resources */ = {isa = PBXBuildFile; fileRef = 2D28B30523C472D000112540 /* 13.png */; };
		2D28B34823C472D100112540 /* 55.png in Resources */ = {isa = PBXBuildFile; fileRef = 2D28B30623C472D000112540 /* 55.png */; };
		2D28B34923C472D100112540 /* 59.png in Resources */ = {isa = PBXBuildFile; fileRef = 2D28B30723C472D000112540 /* 59.png */; };
		2D28B34A23C472D100112540 /* 32.png in Resources */ = {isa = PBXBuildFile; fileRef = 2D28B30823C472D000112540 /* 32.png */; };
		2D28B34B23C472D100112540 /* 40.png in Resources */ = {isa = PBXBuildFile; fileRef = 2D28B30923C472D000112540 /* 40.png */; };
		2D28B34C23C472D100112540 /* 5.png in Resources */ = {isa = PBXBuildFile; fileRef = 2D28B30A23C472D000112540 /* 5.png */; };
		2D28B34D23C472D100112540 /* 10.png in Resources */ = {isa = PBXBuildFile; fileRef = 2D28B30B23C472D000112540 /* 10.png */; };
		2D28B34E23C472D100112540 /* 11.png in Resources */ = {isa = PBXBuildFile; fileRef = 2D28B30C23C472D000112540 /* 11.png */; };
		2D28B34F23C472D100112540 /* 8.png in Resources */ = {isa = PBXBuildFile; fileRef = 2D28B30D23C472D000112540 /* 8.png */; };
		2D28B35023C472D100112540 /* 14.png in Resources */ = {isa = PBXBuildFile; fileRef = 2D28B30E23C472D100112540 /* 14.png */; };
		2D28B35123C472D100112540 /* 6.png in Resources */ = {isa = PBXBuildFile; fileRef = 2D28B30F23C472D100112540 /* 6.png */; };
		2D28B35223C472D100112540 /* 62.png in Resources */ = {isa = PBXBuildFile; fileRef = 2D28B31023C472D100112540 /* 62.png */; };
		2D28B35323C472D100112540 /* 41.png in Resources */ = {isa = PBXBuildFile; fileRef = 2D28B31123C472D100112540 /* 41.png */; };
		2D28B35423C472D100112540 /* 38.png in Resources */ = {isa = PBXBuildFile; fileRef = 2D28B31223C472D100112540 /* 38.png */; };
		2D28B35523C472D100112540 /* 28.png in Resources */ = {isa = PBXBuildFile; fileRef = 2D28B31323C472D100112540 /* 28.png */; };
		2D28B35623C472D100112540 /* 34.png in Resources */ = {isa = PBXBuildFile; fileRef = 2D28B31423C472D100112540 /* 34.png */; };
		2D28B35723C472D100112540 /* 61.png in Resources */ = {isa = PBXBuildFile; fileRef = 2D28B31523C472D100112540 /* 61.png */; };
		2D28B35823C472D100112540 /* 60.png in Resources */ = {isa = PBXBuildFile; fileRef = 2D28B31623C472D100112540 /* 60.png */; };
		2D28B35923C472D100112540 /* 4.png in Resources */ = {isa = PBXBuildFile; fileRef = 2D28B31723C472D100112540 /* 4.png */; };
		2D28B35A23C472D100112540 /* 3.png in Resources */ = {isa = PBXBuildFile; fileRef = 2D28B31823C472D100112540 /* 3.png */; };
		2D28B35B23C472D100112540 /* 35.png in Resources */ = {isa = PBXBuildFile; fileRef = 2D28B31923C472D100112540 /* 35.png */; };
		2D28B35C23C472D100112540 /* 45.png in Resources */ = {isa = PBXBuildFile; fileRef = 2D28B31A23C472D100112540 /* 45.png */; };
		2D28B35D23C472D100112540 /* 36.png in Resources */ = {isa = PBXBuildFile; fileRef = 2D28B31B23C472D100112540 /* 36.png */; };
		2D8FDEA423C77C0F00313ACF /* SeventhParthOne.swift in Sources */ = {isa = PBXBuildFile; fileRef = 2D8FDEA323C77C0F00313ACF /* SeventhParthOne.swift */; };
		2D8FDEA723C834CB00313ACF /* MyButton.swift in Sources */ = {isa = PBXBuildFile; fileRef = 2D8FDEA623C834CB00313ACF /* MyButton.swift */; };
		2D8FDEA923C840D100313ACF /* EightPartOne.swift in Sources */ = {isa = PBXBuildFile; fileRef = 2D8FDEA823C840D100313ACF /* EightPartOne.swift */; };
		2D8FDEAB23C8463000313ACF /* EightPartTwo.swift in Sources */ = {isa = PBXBuildFile; fileRef = 2D8FDEAA23C8463000313ACF /* EightPartTwo.swift */; };
		2D8FDEAE23C8C01B00313ACF /* CircleView.swift in Sources */ = {isa = PBXBuildFile; fileRef = 2D8FDEAD23C8C01B00313ACF /* CircleView.swift */; };
		2D8FDEB023C8D67100313ACF /* ButtonView.swift in Sources */ = {isa = PBXBuildFile; fileRef = 2D8FDEAF23C8D67100313ACF /* ButtonView.swift */; };
		2D8FDEB323CAE1D800313ACF /* NinthParteOne.swift in Sources */ = {isa = PBXBuildFile; fileRef = 2D8FDEB223CAE1D800313ACF /* NinthParteOne.swift */; };
		2D8FDEB523CAE42800313ACF /* fire.png in Resources */ = {isa = PBXBuildFile; fileRef = 2D8FDEB423CAE42800313ACF /* fire.png */; };
		2D8FDEB723CB488300313ACF /* nenolight.png in Resources */ = {isa = PBXBuildFile; fileRef = 2D8FDEB623CB488300313ACF /* nenolight.png */; };
		2D8FDEBA23CB6A3200313ACF /* TenthPartOne.swift in Sources */ = {isa = PBXBuildFile; fileRef = 2D8FDEB923CB6A3200313ACF /* TenthPartOne.swift */; };
		2D8FDEBC23CB6FD100313ACF /* unLock.jpg in Resources */ = {isa = PBXBuildFile; fileRef = 2D8FDEBB23CB6FD100313ACF /* unLock.jpg */; };
		2D8FDEC123CC39E700313ACF /* EleventhPartOne.swift in Sources */ = {isa = PBXBuildFile; fileRef = 2D8FDEC023CC39E700313ACF /* EleventhPartOne.swift */; };
		2D8FDEC323CC68F200313ACF /* BezierView.swift in Sources */ = {isa = PBXBuildFile; fileRef = 2D8FDEC223CC68F200313ACF /* BezierView.swift */; };
		2D8FDEC523CCA89D00313ACF /* LineChartView.swift in Sources */ = {isa = PBXBuildFile; fileRef = 2D8FDEC423CCA89D00313ACF /* LineChartView.swift */; };
		2D8FDEC723CD508200313ACF /* BarChartView.swift in Sources */ = {isa = PBXBuildFile; fileRef = 2D8FDEC623CD508200313ACF /* BarChartView.swift */; };
		2D8FDECA23CD6C5300313ACF /* background.jpg in Resources */ = {isa = PBXBuildFile; fileRef = 2D8FDEC923CD6C5300313ACF /* background.jpg */; };
		2D8FDECD23CD6C5F00313ACF /* earth.png in Resources */ = {isa = PBXBuildFile; fileRef = 2D8FDECB23CD6C5F00313ACF /* earth.png */; };
		2D8FDECE23CD6C5F00313ACF /* sun.png in Resources */ = {isa = PBXBuildFile; fileRef = 2D8FDECC23CD6C5F00313ACF /* sun.png */; };
		2D8FDED023CD6F0200313ACF /* TwelfthPatrOne.swift in Sources */ = {isa = PBXBuildFile; fileRef = 2D8FDECF23CD6F0200313ACF /* TwelfthPatrOne.swift */; };
		2D8FDED223CD87A800313ACF /* TwelfthPartTwo.swift in Sources */ = {isa = PBXBuildFile; fileRef = 2D8FDED123CD87A800313ACF /* TwelfthPartTwo.swift */; };
		2DFE76E423C4DAD900A5F115 /* ForthPartTwoViewController.swift in Sources */ = {isa = PBXBuildFile; fileRef = 2DFE76E323C4DAD900A5F115 /* ForthPartTwoViewController.swift */; };
		2DFE76E623C4DBE100A5F115 /* BlackHoleView.swift in Sources */ = {isa = PBXBuildFile; fileRef = 2DFE76E523C4DBE100A5F115 /* BlackHoleView.swift */; };
		2DFE76E923C5620300A5F115 /* FifthOne.swift in Sources */ = {isa = PBXBuildFile; fileRef = 2DFE76E823C5620300A5F115 /* FifthOne.swift */; };
		2DFE76EB23C5629400A5F115 /* plane.gif in Resources */ = {isa = PBXBuildFile; fileRef = 2DFE76EA23C5629400A5F115 /* plane.gif */; };
/* End PBXBuildFile section */

/* Begin PBXContainerItemProxy section */
		2D28B2A423C2FF8400112540 /* PBXContainerItemProxy */ = {
			isa = PBXContainerItemProxy;
			containerPortal = 2D28B28523C2FF8300112540 /* Project object */;
			proxyType = 1;
			remoteGlobalIDString = 2D28B28C23C2FF8300112540;
			remoteInfo = animationSwift;
		};
		2D28B2AF23C2FF8400112540 /* PBXContainerItemProxy */ = {
			isa = PBXContainerItemProxy;
			containerPortal = 2D28B28523C2FF8300112540 /* Project object */;
			proxyType = 1;
			remoteGlobalIDString = 2D28B28C23C2FF8300112540;
			remoteInfo = animationSwift;
		};
/* End PBXContainerItemProxy section */

/* Begin PBXFileReference section */
		2D1BA49A23C59CC400798CEC /* sixthPartOne.swift */ = {isa = PBXFileReference; lastKnownFileType = sourcecode.swift; path = sixthPartOne.swift; sourceTree = "<group>"; };
		2D28B28D23C2FF8300112540 /* animationSwift.app */ = {isa = PBXFileReference; explicitFileType = wrapper.application; includeInIndex = 0; path = animationSwift.app; sourceTree = BUILT_PRODUCTS_DIR; };
		2D28B29023C2FF8300112540 /* AppDelegate.swift */ = {isa = PBXFileReference; lastKnownFileType = sourcecode.swift; path = AppDelegate.swift; sourceTree = "<group>"; };
		2D28B29223C2FF8300112540 /* SceneDelegate.swift */ = {isa = PBXFileReference; lastKnownFileType = sourcecode.swift; path = SceneDelegate.swift; sourceTree = "<group>"; };
		2D28B29423C2FF8300112540 /* ViewController.swift */ = {isa = PBXFileReference; lastKnownFileType = sourcecode.swift; path = ViewController.swift; sourceTree = "<group>"; };
		2D28B29723C2FF8300112540 /* Base */ = {isa = PBXFileReference; lastKnownFileType = file.storyboard; name = Base; path = Base.lproj/Main.storyboard; sourceTree = "<group>"; };
		2D28B29923C2FF8400112540 /* Assets.xcassets */ = {isa = PBXFileReference; lastKnownFileType = folder.assetcatalog; path = Assets.xcassets; sourceTree = "<group>"; };
		2D28B29C23C2FF8400112540 /* Base */ = {isa = PBXFileReference; lastKnownFileType = file.storyboard; name = Base; path = Base.lproj/LaunchScreen.storyboard; sourceTree = "<group>"; };
		2D28B29E23C2FF8400112540 /* Info.plist */ = {isa = PBXFileReference; lastKnownFileType = text.plist.xml; path = Info.plist; sourceTree = "<group>"; };
		2D28B2A323C2FF8400112540 /* animationSwiftTests.xctest */ = {isa = PBXFileReference; explicitFileType = wrapper.cfbundle; includeInIndex = 0; path = animationSwiftTests.xctest; sourceTree = BUILT_PRODUCTS_DIR; };
		2D28B2A723C2FF8400112540 /* animationSwiftTests.swift */ = {isa = PBXFileReference; lastKnownFileType = sourcecode.swift; path = animationSwiftTests.swift; sourceTree = "<group>"; };
		2D28B2A923C2FF8400112540 /* Info.plist */ = {isa = PBXFileReference; lastKnownFileType = text.plist.xml; path = Info.plist; sourceTree = "<group>"; };
		2D28B2AE23C2FF8400112540 /* animationSwiftUITests.xctest */ = {isa = PBXFileReference; explicitFileType = wrapper.cfbundle; includeInIndex = 0; path = animationSwiftUITests.xctest; sourceTree = BUILT_PRODUCTS_DIR; };
		2D28B2B223C2FF8400112540 /* animationSwiftUITests.swift */ = {isa = PBXFileReference; lastKnownFileType = sourcecode.swift; path = animationSwiftUITests.swift; sourceTree = "<group>"; };
		2D28B2B423C2FF8400112540 /* Info.plist */ = {isa = PBXFileReference; lastKnownFileType = text.plist.xml; path = Info.plist; sourceTree = "<group>"; };
		2D28B2C023C36F8B00112540 /* SecondViewController.swift */ = {isa = PBXFileReference; lastKnownFileType = sourcecode.swift; path = SecondViewController.swift; sourceTree = "<group>"; };
		2D28B2C223C3818B00112540 /* turntable.png */ = {isa = PBXFileReference; lastKnownFileType = image.png; path = turntable.png; sourceTree = "<group>"; };
		2D28B2C423C382B600112540 /* ThirdViewController.swift */ = {isa = PBXFileReference; lastKnownFileType = sourcecode.swift; path = ThirdViewController.swift; sourceTree = "<group>"; };
		2D28B2C923C39A5000112540 /* thirdPartOneViewController.swift */ = {isa = PBXFileReference; lastKnownFileType = sourcecode.swift; path = thirdPartOneViewController.swift; sourceTree = "<group>"; };
		2D28B2CB23C39D0300112540 /* Airport.png */ = {isa = PBXFileReference; lastKnownFileType = image.png; path = Airport.png; sourceTree = "<group>"; };
		2D28B2CC23C39D0300112540 /* Plane.png */ = {isa = PBXFileReference; lastKnownFileType = image.png; path = Plane.png; sourceTree = "<group>"; };
		2D28B2CF23C4130700112540 /* ThirdPartTwoViewController.swift */ = {isa = PBXFileReference; lastKnownFileType = sourcecode.swift; path = ThirdPartTwoViewController.swift; sourceTree = "<group>"; };
		2D28B2D223C46BCC00112540 /* ForthPartOneViewController.swift */ = {isa = PBXFileReference; lastKnownFileType = sourcecode.swift; path = ForthPartOneViewController.swift; sourceTree = "<group>"; };
		2D28B2D823C4723700112540 /* 0.png */ = {isa = PBXFileReference; lastKnownFileType = image.png; path = 0.png; sourceTree = "<group>"; };
		2D28B2DA23C472CD00112540 /* 1.png */ = {isa = PBXFileReference; lastKnownFileType = image.png; path = 1.png; sourceTree = "<group>"; };
		2D28B2DB23C472CE00112540 /* 7.png */ = {isa = PBXFileReference; lastKnownFileType = image.png; path = 7.png; sourceTree = "<group>"; };
		2D28B2DC23C472CE00112540 /* 16.png */ = {isa = PBXFileReference; lastKnownFileType = image.png; path = 16.png; sourceTree = "<group>"; };
		2D28B2DD23C472CE00112540 /* 9.png */ = {isa = PBXFileReference; lastKnownFileType = image.png; path = 9.png; sourceTree = "<group>"; };
		2D28B2DE23C472CE00112540 /* 56.png */ = {isa = PBXFileReference; lastKnownFileType = image.png; path = 56.png; sourceTree = "<group>"; };
		2D28B2DF23C472CE00112540 /* 37.png */ = {isa = PBXFileReference; lastKnownFileType = image.png; path = 37.png; sourceTree = "<group>"; };
		2D28B2E023C472CE00112540 /* 12.png */ = {isa = PBXFileReference; lastKnownFileType = image.png; path = 12.png; sourceTree = "<group>"; };
		2D28B2E123C472CE00112540 /* 18.png */ = {isa = PBXFileReference; lastKnownFileType = image.png; path = 18.png; sourceTree = "<group>"; };
		2D28B2E223C472CE00112540 /* 26.png */ = {isa = PBXFileReference; lastKnownFileType = image.png; path = 26.png; sourceTree = "<group>"; };
		2D28B2E323C472CE00112540 /* 25.png */ = {isa = PBXFileReference; lastKnownFileType = image.png; path = 25.png; sourceTree = "<group>"; };
		2D28B2E423C472CE00112540 /* 22.png */ = {isa = PBXFileReference; lastKnownFileType = image.png; path = 22.png; sourceTree = "<group>"; };
		2D28B2E523C472CE00112540 /* 64.png */ = {isa = PBXFileReference; lastKnownFileType = image.png; path = 64.png; sourceTree = "<group>"; };
		2D28B2E623C472CE00112540 /* 48.png */ = {isa = PBXFileReference; lastKnownFileType = image.png; path = 48.png; sourceTree = "<group>"; };
		2D28B2E723C472CE00112540 /* 57.png */ = {isa = PBXFileReference; lastKnownFileType = image.png; path = 57.png; sourceTree = "<group>"; };
		2D28B2E823C472CE00112540 /* 2.png */ = {isa = PBXFileReference; lastKnownFileType = image.png; path = 2.png; sourceTree = "<group>"; };
		2D28B2E923C472CE00112540 /* 24.png */ = {isa = PBXFileReference; lastKnownFileType = image.png; path = 24.png; sourceTree = "<group>"; };
		2D28B2EA23C472CE00112540 /* 29.png */ = {isa = PBXFileReference; lastKnownFileType = image.png; path = 29.png; sourceTree = "<group>"; };
		2D28B2EB23C472CE00112540 /* 19.png */ = {isa = PBXFileReference; lastKnownFileType = image.png; path = 19.png; sourceTree = "<group>"; };
		2D28B2EC23C472CE00112540 /* 27.png */ = {isa = PBXFileReference; lastKnownFileType = image.png; path = 27.png; sourceTree = "<group>"; };
		2D28B2ED23C472CE00112540 /* 44.png */ = {isa = PBXFileReference; lastKnownFileType = image.png; path = 44.png; sourceTree = "<group>"; };
		2D28B2EE23C472CF00112540 /* 47.png */ = {isa = PBXFileReference; lastKnownFileType = image.png; path = 47.png; sourceTree = "<group>"; };
		2D28B2EF23C472CF00112540 /* 49.png */ = {isa = PBXFileReference; lastKnownFileType = image.png; path = 49.png; sourceTree = "<group>"; };
		2D28B2F023C472CF00112540 /* 54.png */ = {isa = PBXFileReference; lastKnownFileType = image.png; path = 54.png; sourceTree = "<group>"; };
		2D28B2F123C472CF00112540 /* 20.png */ = {isa = PBXFileReference; lastKnownFileType = image.png; path = 20.png; sourceTree = "<group>"; };
		2D28B2F223C472CF00112540 /* 31.png */ = {isa = PBXFileReference; lastKnownFileType = image.png; path = 31.png; sourceTree = "<group>"; };
		2D28B2F323C472CF00112540 /* 17.png */ = {isa = PBXFileReference; lastKnownFileType = image.png; path = 17.png; sourceTree = "<group>"; };
		2D28B2F423C472CF00112540 /* 65.png */ = {isa = PBXFileReference; lastKnownFileType = image.png; path = 65.png; sourceTree = "<group>"; };
		2D28B2F523C472CF00112540 /* 63.png */ = {isa = PBXFileReference; lastKnownFileType = image.png; path = 63.png; sourceTree = "<group>"; };
		2D28B2F623C472CF00112540 /* 46.png */ = {isa = PBXFileReference; lastKnownFileType = image.png; path = 46.png; sourceTree = "<group>"; };
		2D28B2F723C472CF00112540 /* 52.png */ = {isa = PBXFileReference; lastKnownFileType = image.png; path = 52.png; sourceTree = "<group>"; };
		2D28B2F823C472CF00112540 /* 33.png */ = {isa = PBXFileReference; lastKnownFileType = image.png; path = 33.png; sourceTree = "<group>"; };
		2D28B2F923C472CF00112540 /* 51.png */ = {isa = PBXFileReference; lastKnownFileType = image.png; path = 51.png; sourceTree = "<group>"; };
		2D28B2FA23C472CF00112540 /* 53.png */ = {isa = PBXFileReference; lastKnownFileType = image.png; path = 53.png; sourceTree = "<group>"; };
		2D28B2FB23C472CF00112540 /* 39.png */ = {isa = PBXFileReference; lastKnownFileType = image.png; path = 39.png; sourceTree = "<group>"; };
		2D28B2FC23C472CF00112540 /* 15.png */ = {isa = PBXFileReference; lastKnownFileType = image.png; path = 15.png; sourceTree = "<group>"; };
		2D28B2FD23C472CF00112540 /* 58.png */ = {isa = PBXFileReference; lastKnownFileType = image.png; path = 58.png; sourceTree = "<group>"; };
		2D28B2FE23C472D000112540 /* 50.png */ = {isa = PBXFileReference; lastKnownFileType = image.png; path = 50.png; sourceTree = "<group>"; };
		2D28B2FF23C472D000112540 /* 30.png */ = {isa = PBXFileReference; lastKnownFileType = image.png; path = 30.png; sourceTree = "<group>"; };
		2D28B30023C472D000112540 /* 66.png */ = {isa = PBXFileReference; lastKnownFileType = image.png; path = 66.png; sourceTree = "<group>"; };
		2D28B30123C472D000112540 /* 42.png */ = {isa = PBXFileReference; lastKnownFileType = image.png; path = 42.png; sourceTree = "<group>"; };
		2D28B30223C472D000112540 /* 43.png */ = {isa = PBXFileReference; lastKnownFileType = image.png; path = 43.png; sourceTree = "<group>"; };
		2D28B30323C472D000112540 /* 21.png */ = {isa = PBXFileReference; lastKnownFileType = image.png; path = 21.png; sourceTree = "<group>"; };
		2D28B30423C472D000112540 /* 23.png */ = {isa = PBXFileReference; lastKnownFileType = image.png; path = 23.png; sourceTree = "<group>"; };
		2D28B30523C472D000112540 /* 13.png */ = {isa = PBXFileReference; lastKnownFileType = image.png; path = 13.png; sourceTree = "<group>"; };
		2D28B30623C472D000112540 /* 55.png */ = {isa = PBXFileReference; lastKnownFileType = image.png; path = 55.png; sourceTree = "<group>"; };
		2D28B30723C472D000112540 /* 59.png */ = {isa = PBXFileReference; lastKnownFileType = image.png; path = 59.png; sourceTree = "<group>"; };
		2D28B30823C472D000112540 /* 32.png */ = {isa = PBXFileReference; lastKnownFileType = image.png; path = 32.png; sourceTree = "<group>"; };
		2D28B30923C472D000112540 /* 40.png */ = {isa = PBXFileReference; lastKnownFileType = image.png; path = 40.png; sourceTree = "<group>"; };
		2D28B30A23C472D000112540 /* 5.png */ = {isa = PBXFileReference; lastKnownFileType = image.png; path = 5.png; sourceTree = "<group>"; };
		2D28B30B23C472D000112540 /* 10.png */ = {isa = PBXFileReference; lastKnownFileType = image.png; path = 10.png; sourceTree = "<group>"; };
		2D28B30C23C472D000112540 /* 11.png */ = {isa = PBXFileReference; lastKnownFileType = image.png; path = 11.png; sourceTree = "<group>"; };
		2D28B30D23C472D000112540 /* 8.png */ = {isa = PBXFileReference; lastKnownFileType = image.png; path = 8.png; sourceTree = "<group>"; };
		2D28B30E23C472D100112540 /* 14.png */ = {isa = PBXFileReference; lastKnownFileType = image.png; path = 14.png; sourceTree = "<group>"; };
		2D28B30F23C472D100112540 /* 6.png */ = {isa = PBXFileReference; lastKnownFileType = image.png; path = 6.png; sourceTree = "<group>"; };
		2D28B31023C472D100112540 /* 62.png */ = {isa = PBXFileReference; lastKnownFileType = image.png; path = 62.png; sourceTree = "<group>"; };
		2D28B31123C472D100112540 /* 41.png */ = {isa = PBXFileReference; lastKnownFileType = image.png; path = 41.png; sourceTree = "<group>"; };
		2D28B31223C472D100112540 /* 38.png */ = {isa = PBXFileReference; lastKnownFileType = image.png; path = 38.png; sourceTree = "<group>"; };
		2D28B31323C472D100112540 /* 28.png */ = {isa = PBXFileReference; lastKnownFileType = image.png; path = 28.png; sourceTree = "<group>"; };
		2D28B31423C472D100112540 /* 34.png */ = {isa = PBXFileReference; lastKnownFileType = image.png; path = 34.png; sourceTree = "<group>"; };
		2D28B31523C472D100112540 /* 61.png */ = {isa = PBXFileReference; lastKnownFileType = image.png; path = 61.png; sourceTree = "<group>"; };
		2D28B31623C472D100112540 /* 60.png */ = {isa = PBXFileReference; lastKnownFileType = image.png; path = 60.png; sourceTree = "<group>"; };
		2D28B31723C472D100112540 /* 4.png */ = {isa = PBXFileReference; lastKnownFileType = image.png; path = 4.png; sourceTree = "<group>"; };
		2D28B31823C472D100112540 /* 3.png */ = {isa = PBXFileReference; lastKnownFileType = image.png; path = 3.png; sourceTree = "<group>"; };
		2D28B31923C472D100112540 /* 35.png */ = {isa = PBXFileReference; lastKnownFileType = image.png; path = 35.png; sourceTree = "<group>"; };
		2D28B31A23C472D100112540 /* 45.png */ = {isa = PBXFileReference; lastKnownFileType = image.png; path = 45.png; sourceTree = "<group>"; };
		2D28B31B23C472D100112540 /* 36.png */ = {isa = PBXFileReference; lastKnownFileType = image.png; path = 36.png; sourceTree = "<group>"; };
		2D8FDEA323C77C0F00313ACF /* SeventhParthOne.swift */ = {isa = PBXFileReference; lastKnownFileType = sourcecode.swift; path = SeventhParthOne.swift; sourceTree = "<group>"; };
		2D8FDEA623C834CB00313ACF /* MyButton.swift */ = {isa = PBXFileReference; lastKnownFileType = sourcecode.swift; path = MyButton.swift; sourceTree = "<group>"; };
		2D8FDEA823C840D100313ACF /* EightPartOne.swift */ = {isa = PBXFileReference; lastKnownFileType = sourcecode.swift; path = EightPartOne.swift; sourceTree = "<group>"; };
		2D8FDEAA23C8463000313ACF /* EightPartTwo.swift */ = {isa = PBXFileReference; lastKnownFileType = sourcecode.swift; path = EightPartTwo.swift; sourceTree = "<group>"; };
		2D8FDEAD23C8C01B00313ACF /* CircleView.swift */ = {isa = PBXFileReference; lastKnownFileType = sourcecode.swift; path = CircleView.swift; sourceTree = "<group>"; };
		2D8FDEAF23C8D67100313ACF /* ButtonView.swift */ = {isa = PBXFileReference; lastKnownFileType = sourcecode.swift; path = ButtonView.swift; sourceTree = "<group>"; };
		2D8FDEB223CAE1D800313ACF /* NinthParteOne.swift */ = {isa = PBXFileReference; lastKnownFileType = sourcecode.swift; path = NinthParteOne.swift; sourceTree = "<group>"; };
		2D8FDEB423CAE42800313ACF /* fire.png */ = {isa = PBXFileReference; lastKnownFileType = image.png; path = fire.png; sourceTree = "<group>"; };
		2D8FDEB623CB488300313ACF /* nenolight.png */ = {isa = PBXFileReference; lastKnownFileType = image.png; path = nenolight.png; sourceTree = "<group>"; };
		2D8FDEB923CB6A3200313ACF /* TenthPartOne.swift */ = {isa = PBXFileReference; lastKnownFileType = sourcecode.swift; path = TenthPartOne.swift; sourceTree = "<group>"; };
		2D8FDEBB23CB6FD100313ACF /* unLock.jpg */ = {isa = PBXFileReference; lastKnownFileType = image.jpeg; path = unLock.jpg; sourceTree = "<group>"; };
		2D8FDEC023CC39E700313ACF /* EleventhPartOne.swift */ = {isa = PBXFileReference; lastKnownFileType = sourcecode.swift; path = EleventhPartOne.swift; sourceTree = "<group>"; };
		2D8FDEC223CC68F200313ACF /* BezierView.swift */ = {isa = PBXFileReference; lastKnownFileType = sourcecode.swift; path = BezierView.swift; sourceTree = "<group>"; };
		2D8FDEC423CCA89D00313ACF /* LineChartView.swift */ = {isa = PBXFileReference; lastKnownFileType = sourcecode.swift; path = LineChartView.swift; sourceTree = "<group>"; };
		2D8FDEC623CD508200313ACF /* BarChartView.swift */ = {isa = PBXFileReference; lastKnownFileType = sourcecode.swift; path = BarChartView.swift; sourceTree = "<group>"; };
		2D8FDEC923CD6C5300313ACF /* background.jpg */ = {isa = PBXFileReference; lastKnownFileType = image.jpeg; path = background.jpg; sourceTree = "<group>"; };
		2D8FDECB23CD6C5F00313ACF /* earth.png */ = {isa = PBXFileReference; lastKnownFileType = image.png; path = earth.png; sourceTree = "<group>"; };
		2D8FDECC23CD6C5F00313ACF /* sun.png */ = {isa = PBXFileReference; lastKnownFileType = image.png; path = sun.png; sourceTree = "<group>"; };
		2D8FDECF23CD6F0200313ACF /* TwelfthPatrOne.swift */ = {isa = PBXFileReference; lastKnownFileType = sourcecode.swift; path = TwelfthPatrOne.swift; sourceTree = "<group>"; };
		2D8FDED123CD87A800313ACF /* TwelfthPartTwo.swift */ = {isa = PBXFileReference; lastKnownFileType = sourcecode.swift; path = TwelfthPartTwo.swift; sourceTree = "<group>"; };
		2DFE76E323C4DAD900A5F115 /* ForthPartTwoViewController.swift */ = {isa = PBXFileReference; lastKnownFileType = sourcecode.swift; path = ForthPartTwoViewController.swift; sourceTree = "<group>"; };
		2DFE76E523C4DBE100A5F115 /* BlackHoleView.swift */ = {isa = PBXFileReference; lastKnownFileType = sourcecode.swift; path = BlackHoleView.swift; sourceTree = "<group>"; };
		2DFE76E823C5620300A5F115 /* FifthOne.swift */ = {isa = PBXFileReference; lastKnownFileType = sourcecode.swift; path = FifthOne.swift; sourceTree = "<group>"; };
		2DFE76EA23C5629400A5F115 /* plane.gif */ = {isa = PBXFileReference; lastKnownFileType = image.gif; path = plane.gif; sourceTree = "<group>"; };
/* End PBXFileReference section */

/* Begin PBXFrameworksBuildPhase section */
		2D28B28A23C2FF8300112540 /* Frameworks */ = {
			isa = PBXFrameworksBuildPhase;
			buildActionMask = 2147483647;
			files = (
			);
			runOnlyForDeploymentPostprocessing = 0;
		};
		2D28B2A023C2FF8400112540 /* Frameworks */ = {
			isa = PBXFrameworksBuildPhase;
			buildActionMask = 2147483647;
			files = (
			);
			runOnlyForDeploymentPostprocessing = 0;
		};
		2D28B2AB23C2FF8400112540 /* Frameworks */ = {
			isa = PBXFrameworksBuildPhase;
			buildActionMask = 2147483647;
			files = (
			);
			runOnlyForDeploymentPostprocessing = 0;
		};
/* End PBXFrameworksBuildPhase section */

/* Begin PBXGroup section */
		2D1BA49923C59B0C00798CEC /* 第6章 */ = {
			isa = PBXGroup;
			children = (
				2D1BA49A23C59CC400798CEC /* sixthPartOne.swift */,
			);
			path = "第6章";
			sourceTree = "<group>";
		};
		2D28B28423C2FF8300112540 = {
			isa = PBXGroup;
			children = (
				2D28B28F23C2FF8300112540 /* animationSwift */,
				2D28B2A623C2FF8400112540 /* animationSwiftTests */,
				2D28B2B123C2FF8400112540 /* animationSwiftUITests */,
				2D28B28E23C2FF8300112540 /* Products */,
			);
			sourceTree = "<group>";
		};
		2D28B28E23C2FF8300112540 /* Products */ = {
			isa = PBXGroup;
			children = (
				2D28B28D23C2FF8300112540 /* animationSwift.app */,
				2D28B2A323C2FF8400112540 /* animationSwiftTests.xctest */,
				2D28B2AE23C2FF8400112540 /* animationSwiftUITests.xctest */,
			);
			name = Products;
			sourceTree = "<group>";
		};
		2D28B28F23C2FF8300112540 /* animationSwift */ = {
			isa = PBXGroup;
			children = (
				2D8FDEC823CD6C4100313ACF /* 第12章 */,
				2D8FDEBF23CC39AC00313ACF /* 第11章 */,
				2D8FDEB823CB69FF00313ACF /* 第10章 */,
				2D8FDEB123CAE0DC00313ACF /* 第9章 */,
				2D8FDEA523C7976E00313ACF /* 第8章 */,
				2D8FDEA223C77BD800313ACF /* 第7章 */,
				2D1BA49923C59B0C00798CEC /* 第6章 */,
				2DFE76E723C5619C00A5F115 /* 第5章 */,
				2D28B2D123C46A9D00112540 /* 第4章 */,
				2D28B2C823C39A2300112540 /* 第三章 */,
				2D28B2C223C3818B00112540 /* turntable.png */,
				2D28B29023C2FF8300112540 /* AppDelegate.swift */,
				2D28B29223C2FF8300112540 /* SceneDelegate.swift */,
				2D28B29423C2FF8300112540 /* ViewController.swift */,
				2D28B2C023C36F8B00112540 /* SecondViewController.swift */,
				2D28B2C423C382B600112540 /* ThirdViewController.swift */,
				2D28B29623C2FF8300112540 /* Main.storyboard */,
				2D28B29923C2FF8400112540 /* Assets.xcassets */,
				2D28B29B23C2FF8400112540 /* LaunchScreen.storyboard */,
				2D28B29E23C2FF8400112540 /* Info.plist */,
			);
			path = animationSwift;
			sourceTree = "<group>";
		};
		2D28B2A623C2FF8400112540 /* animationSwiftTests */ = {
			isa = PBXGroup;
			children = (
				2D28B2A723C2FF8400112540 /* animationSwiftTests.swift */,
				2D28B2A923C2FF8400112540 /* Info.plist */,
			);
			path = animationSwiftTests;
			sourceTree = "<group>";
		};
		2D28B2B123C2FF8400112540 /* animationSwiftUITests */ = {
			isa = PBXGroup;
			children = (
				2D28B2B223C2FF8400112540 /* animationSwiftUITests.swift */,
				2D28B2B423C2FF8400112540 /* Info.plist */,
			);
			path = animationSwiftUITests;
			sourceTree = "<group>";
		};
		2D28B2C823C39A2300112540 /* 第三章 */ = {
			isa = PBXGroup;
			children = (
				2D28B2CB23C39D0300112540 /* Airport.png */,
				2D28B2CC23C39D0300112540 /* Plane.png */,
				2D28B2C923C39A5000112540 /* thirdPartOneViewController.swift */,
				2D28B2CF23C4130700112540 /* ThirdPartTwoViewController.swift */,
			);
			path = "第三章";
			sourceTree = "<group>";
		};
		2D28B2D123C46A9D00112540 /* 第4章 */ = {
			isa = PBXGroup;
			children = (
				2D28B2D823C4723700112540 /* 0.png */,
				2D28B2DA23C472CD00112540 /* 1.png */,
				2D28B2E823C472CE00112540 /* 2.png */,
				2D28B31823C472D100112540 /* 3.png */,
				2D28B31723C472D100112540 /* 4.png */,
				2D28B30A23C472D000112540 /* 5.png */,
				2D28B30F23C472D100112540 /* 6.png */,
				2D28B2DB23C472CE00112540 /* 7.png */,
				2D28B30D23C472D000112540 /* 8.png */,
				2D28B2DD23C472CE00112540 /* 9.png */,
				2D28B30B23C472D000112540 /* 10.png */,
				2D28B30C23C472D000112540 /* 11.png */,
				2D28B2E023C472CE00112540 /* 12.png */,
				2D28B30523C472D000112540 /* 13.png */,
				2D28B30E23C472D100112540 /* 14.png */,
				2D28B2FC23C472CF00112540 /* 15.png */,
				2D28B2DC23C472CE00112540 /* 16.png */,
				2D28B2F323C472CF00112540 /* 17.png */,
				2D28B2E123C472CE00112540 /* 18.png */,
				2D28B2EB23C472CE00112540 /* 19.png */,
				2D28B2F123C472CF00112540 /* 20.png */,
				2D28B30323C472D000112540 /* 21.png */,
				2D28B2E423C472CE00112540 /* 22.png */,
				2D28B30423C472D000112540 /* 23.png */,
				2D28B2E923C472CE00112540 /* 24.png */,
				2D28B2E323C472CE00112540 /* 25.png */,
				2D28B2E223C472CE00112540 /* 26.png */,
				2D28B2EC23C472CE00112540 /* 27.png */,
				2D28B31323C472D100112540 /* 28.png */,
				2D28B2EA23C472CE00112540 /* 29.png */,
				2D28B2FF23C472D000112540 /* 30.png */,
				2D28B2F223C472CF00112540 /* 31.png */,
				2D28B30823C472D000112540 /* 32.png */,
				2D28B2F823C472CF00112540 /* 33.png */,
				2D28B31423C472D100112540 /* 34.png */,
				2D28B31923C472D100112540 /* 35.png */,
				2D28B31B23C472D100112540 /* 36.png */,
				2D28B2DF23C472CE00112540 /* 37.png */,
				2D28B31223C472D100112540 /* 38.png */,
				2D28B2FB23C472CF00112540 /* 39.png */,
				2D28B30923C472D000112540 /* 40.png */,
				2D28B31123C472D100112540 /* 41.png */,
				2D28B30123C472D000112540 /* 42.png */,
				2D28B30223C472D000112540 /* 43.png */,
				2D28B2ED23C472CE00112540 /* 44.png */,
				2D28B31A23C472D100112540 /* 45.png */,
				2D28B2F623C472CF00112540 /* 46.png */,
				2D28B2EE23C472CF00112540 /* 47.png */,
				2D28B2E623C472CE00112540 /* 48.png */,
				2D28B2EF23C472CF00112540 /* 49.png */,
				2D28B2FE23C472D000112540 /* 50.png */,
				2D28B2F923C472CF00112540 /* 51.png */,
				2D28B2F723C472CF00112540 /* 52.png */,
				2D28B2FA23C472CF00112540 /* 53.png */,
				2D28B2F023C472CF00112540 /* 54.png */,
				2D28B30623C472D000112540 /* 55.png */,
				2D28B2DE23C472CE00112540 /* 56.png */,
				2D28B2E723C472CE00112540 /* 57.png */,
				2D28B2FD23C472CF00112540 /* 58.png */,
				2D28B30723C472D000112540 /* 59.png */,
				2D28B31623C472D100112540 /* 60.png */,
				2D28B31523C472D100112540 /* 61.png */,
				2D28B31023C472D100112540 /* 62.png */,
				2D28B2F523C472CF00112540 /* 63.png */,
				2D28B2E523C472CE00112540 /* 64.png */,
				2D28B2F423C472CF00112540 /* 65.png */,
				2D28B30023C472D000112540 /* 66.png */,
				2D28B2D223C46BCC00112540 /* ForthPartOneViewController.swift */,
				2DFE76E323C4DAD900A5F115 /* ForthPartTwoViewController.swift */,
				2DFE76E523C4DBE100A5F115 /* BlackHoleView.swift */,
			);
			path = "第4章";
			sourceTree = "<group>";
		};
		2D8FDEA223C77BD800313ACF /* 第7章 */ = {
			isa = PBXGroup;
			children = (
				2D8FDEA323C77C0F00313ACF /* SeventhParthOne.swift */,
			);
			path = "第7章";
			sourceTree = "<group>";
		};
		2D8FDEA523C7976E00313ACF /* 第8章 */ = {
			isa = PBXGroup;
			children = (
				2D8FDEA623C834CB00313ACF /* MyButton.swift */,
				2D8FDEA823C840D100313ACF /* EightPartOne.swift */,
				2D8FDEAA23C8463000313ACF /* EightPartTwo.swift */,
				2D8FDEAF23C8D67100313ACF /* ButtonView.swift */,
				2D8FDEAD23C8C01B00313ACF /* CircleView.swift */,
			);
			path = "第8章";
			sourceTree = "<group>";
		};
		2D8FDEB123CAE0DC00313ACF /* 第9章 */ = {
			isa = PBXGroup;
			children = (
				2D8FDEB223CAE1D800313ACF /* NinthParteOne.swift */,
				2D8FDEB423CAE42800313ACF /* fire.png */,
				2D8FDEB623CB488300313ACF /* nenolight.png */,
			);
			path = "第9章";
			sourceTree = "<group>";
		};
		2D8FDEB823CB69FF00313ACF /* 第10章 */ = {
			isa = PBXGroup;
			children = (
				2D8FDEB923CB6A3200313ACF /* TenthPartOne.swift */,
				2D8FDEBB23CB6FD100313ACF /* unLock.jpg */,
			);
			path = "第10章";
			sourceTree = "<group>";
		};
		2D8FDEBF23CC39AC00313ACF /* 第11章 */ = {
			isa = PBXGroup;
			children = (
				2D8FDEC023CC39E700313ACF /* EleventhPartOne.swift */,
				2D8FDEC223CC68F200313ACF /* BezierView.swift */,
				2D8FDEC423CCA89D00313ACF /* LineChartView.swift */,
				2D8FDEC623CD508200313ACF /* BarChartView.swift */,
			);
			path = "第11章";
			sourceTree = "<group>";
		};
		2D8FDEC823CD6C4100313ACF /* 第12章 */ = {
			isa = PBXGroup;
			children = (
				2D8FDECB23CD6C5F00313ACF /* earth.png */,
				2D8FDECC23CD6C5F00313ACF /* sun.png */,
				2D8FDEC923CD6C5300313ACF /* background.jpg */,
				2D8FDECF23CD6F0200313ACF /* TwelfthPatrOne.swift */,
				2D8FDED123CD87A800313ACF /* TwelfthPartTwo.swift */,
			);
			path = "第12章";
			sourceTree = "<group>";
		};
		2DFE76E723C5619C00A5F115 /* 第5章 */ = {
			isa = PBXGroup;
			children = (
				2DFE76EA23C5629400A5F115 /* plane.gif */,
				2DFE76E823C5620300A5F115 /* FifthOne.swift */,
			);
			path = "第5章";
			sourceTree = "<group>";
		};
/* End PBXGroup section */

/* Begin PBXNativeTarget section */
		2D28B28C23C2FF8300112540 /* animationSwift */ = {
			isa = PBXNativeTarget;
			buildConfigurationList = 2D28B2B723C2FF8400112540 /* Build configuration list for PBXNativeTarget "animationSwift" */;
			buildPhases = (
				2D28B28923C2FF8300112540 /* Sources */,
				2D28B28A23C2FF8300112540 /* Frameworks */,
				2D28B28B23C2FF8300112540 /* Resources */,
			);
			buildRules = (
			);
			dependencies = (
			);
			name = animationSwift;
			productName = animationSwift;
			productReference = 2D28B28D23C2FF8300112540 /* animationSwift.app */;
			productType = "com.apple.product-type.application";
		};
		2D28B2A223C2FF8400112540 /* animationSwiftTests */ = {
			isa = PBXNativeTarget;
			buildConfigurationList = 2D28B2BA23C2FF8400112540 /* Build configuration list for PBXNativeTarget "animationSwiftTests" */;
			buildPhases = (
				2D28B29F23C2FF8400112540 /* Sources */,
				2D28B2A023C2FF8400112540 /* Frameworks */,
				2D28B2A123C2FF8400112540 /* Resources */,
			);
			buildRules = (
			);
			dependencies = (
				2D28B2A523C2FF8400112540 /* PBXTargetDependency */,
			);
			name = animationSwiftTests;
			productName = animationSwiftTests;
			productReference = 2D28B2A323C2FF8400112540 /* animationSwiftTests.xctest */;
			productType = "com.apple.product-type.bundle.unit-test";
		};
		2D28B2AD23C2FF8400112540 /* animationSwiftUITests */ = {
			isa = PBXNativeTarget;
			buildConfigurationList = 2D28B2BD23C2FF8400112540 /* Build configuration list for PBXNativeTarget "animationSwiftUITests" */;
			buildPhases = (
				2D28B2AA23C2FF8400112540 /* Sources */,
				2D28B2AB23C2FF8400112540 /* Frameworks */,
				2D28B2AC23C2FF8400112540 /* Resources */,
			);
			buildRules = (
			);
			dependencies = (
				2D28B2B023C2FF8400112540 /* PBXTargetDependency */,
			);
			name = animationSwiftUITests;
			productName = animationSwiftUITests;
			productReference = 2D28B2AE23C2FF8400112540 /* animationSwiftUITests.xctest */;
			productType = "com.apple.product-type.bundle.ui-testing";
		};
/* End PBXNativeTarget section */

/* Begin PBXProject section */
		2D28B28523C2FF8300112540 /* Project object */ = {
			isa = PBXProject;
			attributes = {
				LastSwiftUpdateCheck = 1110;
				LastUpgradeCheck = 1110;
				ORGANIZATIONNAME = cyl;
				TargetAttributes = {
					2D28B28C23C2FF8300112540 = {
						CreatedOnToolsVersion = 11.1;
					};
					2D28B2A223C2FF8400112540 = {
						CreatedOnToolsVersion = 11.1;
						TestTargetID = 2D28B28C23C2FF8300112540;
					};
					2D28B2AD23C2FF8400112540 = {
						CreatedOnToolsVersion = 11.1;
						TestTargetID = 2D28B28C23C2FF8300112540;
					};
				};
			};
			buildConfigurationList = 2D28B28823C2FF8300112540 /* Build configuration list for PBXProject "animationSwift" */;
			compatibilityVersion = "Xcode 9.3";
			developmentRegion = en;
			hasScannedForEncodings = 0;
			knownRegions = (
				en,
				Base,
			);
			mainGroup = 2D28B28423C2FF8300112540;
			productRefGroup = 2D28B28E23C2FF8300112540 /* Products */;
			projectDirPath = "";
			projectRoot = "";
			targets = (
				2D28B28C23C2FF8300112540 /* animationSwift */,
				2D28B2A223C2FF8400112540 /* animationSwiftTests */,
				2D28B2AD23C2FF8400112540 /* animationSwiftUITests */,
			);
		};
/* End PBXProject section */

/* Begin PBXResourcesBuildPhase section */
		2D28B28B23C2FF8300112540 /* Resources */ = {
			isa = PBXResourcesBuildPhase;
			buildActionMask = 2147483647;
			files = (
				2D28B35623C472D100112540 /* 34.png in Resources */,
				2D28B35523C472D100112540 /* 28.png in Resources */,
				2D28B34B23C472D100112540 /* 40.png in Resources */,
				2D28B34623C472D100112540 /* 23.png in Resources */,
				2D28B32E23C472D100112540 /* 27.png in Resources */,
				2D28B35A23C472D100112540 /* 3.png in Resources */,
				2D28B34A23C472D100112540 /* 32.png in Resources */,
				2D28B32A23C472D100112540 /* 2.png in Resources */,
				2D28B32323C472D100112540 /* 18.png in Resources */,
				2D8FDECA23CD6C5300313ACF /* background.jpg in Resources */,
				2D28B32423C472D100112540 /* 26.png in Resources */,
				2D28B33523C472D100112540 /* 17.png in Resources */,
				2D28B32123C472D100112540 /* 37.png in Resources */,
				2D28B32023C472D100112540 /* 56.png in Resources */,
				2D8FDEBC23CB6FD100313ACF /* unLock.jpg in Resources */,
				2D28B35023C472D100112540 /* 14.png in Resources */,
				2D28B34223C472D100112540 /* 66.png in Resources */,
				2D28B35723C472D100112540 /* 61.png in Resources */,
				2D28B34E23C472D100112540 /* 11.png in Resources */,
				2D28B33123C472D100112540 /* 49.png in Resources */,
				2D28B32223C472D100112540 /* 12.png in Resources */,
				2D28B35923C472D100112540 /* 4.png in Resources */,
				2D28B32823C472D100112540 /* 48.png in Resources */,
				2D28B35323C472D100112540 /* 41.png in Resources */,
				2D28B34323C472D100112540 /* 42.png in Resources */,
				2D28B34023C472D100112540 /* 50.png in Resources */,
				2D28B31F23C472D100112540 /* 9.png in Resources */,
				2D28B34D23C472D100112540 /* 10.png in Resources */,
				2D28B33823C472D100112540 /* 46.png in Resources */,
				2D28B33323C472D100112540 /* 20.png in Resources */,
				2D28B32723C472D100112540 /* 64.png in Resources */,
				2D8FDECE23CD6C5F00313ACF /* sun.png in Resources */,
				2D28B31E23C472D100112540 /* 16.png in Resources */,
				2D8FDECD23CD6C5F00313ACF /* earth.png in Resources */,
				2D28B33923C472D100112540 /* 52.png in Resources */,
				2D28B32D23C472D100112540 /* 19.png in Resources */,
				2D28B33723C472D100112540 /* 63.png in Resources */,
				2D28B35D23C472D100112540 /* 36.png in Resources */,
				2D28B35223C472D100112540 /* 62.png in Resources */,
				2D28B33023C472D100112540 /* 47.png in Resources */,
				2D28B33A23C472D100112540 /* 33.png in Resources */,
				2D28B32623C472D100112540 /* 22.png in Resources */,
				2D28B33E23C472D100112540 /* 15.png in Resources */,
				2D28B35123C472D100112540 /* 6.png in Resources */,
				2D28B32F23C472D100112540 /* 44.png in Resources */,
				2D28B31D23C472D100112540 /* 7.png in Resources */,
				2D28B35423C472D100112540 /* 38.png in Resources */,
				2D28B32C23C472D100112540 /* 29.png in Resources */,
				2D28B32923C472D100112540 /* 57.png in Resources */,
				2D28B33C23C472D100112540 /* 53.png in Resources */,
				2D28B32523C472D100112540 /* 25.png in Resources */,
				2D28B34923C472D100112540 /* 59.png in Resources */,
				2D28B33B23C472D100112540 /* 51.png in Resources */,
				2D28B34423C472D100112540 /* 43.png in Resources */,
				2D28B33F23C472D100112540 /* 58.png in Resources */,
				2D28B33223C472D100112540 /* 54.png in Resources */,
				2DFE76EB23C5629400A5F115 /* plane.gif in Resources */,
				2D28B2CE23C39D0300112540 /* Plane.png in Resources */,
				2D28B31C23C472D100112540 /* 1.png in Resources */,
				2D28B35823C472D100112540 /* 60.png in Resources */,
				2D28B32B23C472D100112540 /* 24.png in Resources */,
				2D28B34823C472D100112540 /* 55.png in Resources */,
				2D28B29D23C2FF8400112540 /* LaunchScreen.storyboard in Resources */,
				2D28B34523C472D100112540 /* 21.png in Resources */,
				2D28B2C323C3818B00112540 /* turntable.png in Resources */,
				2D28B29A23C2FF8400112540 /* Assets.xcassets in Resources */,
				2D28B33423C472D100112540 /* 31.png in Resources */,
				2D28B35B23C472D100112540 /* 35.png in Resources */,
				2D8FDEB723CB488300313ACF /* nenolight.png in Resources */,
				2D28B34123C472D100112540 /* 30.png in Resources */,
				2D8FDEB523CAE42800313ACF /* fire.png in Resources */,
				2D28B33D23C472D100112540 /* 39.png in Resources */,
				2D28B34723C472D100112540 /* 13.png in Resources */,
				2D28B35C23C472D100112540 /* 45.png in Resources */,
				2D28B34F23C472D100112540 /* 8.png in Resources */,
				2D28B29823C2FF8300112540 /* Main.storyboard in Resources */,
				2D28B34C23C472D100112540 /* 5.png in Resources */,
				2D28B33623C472D100112540 /* 65.png in Resources */,
				2D28B2CD23C39D0300112540 /* Airport.png in Resources */,
			);
			runOnlyForDeploymentPostprocessing = 0;
		};
		2D28B2A123C2FF8400112540 /* Resources */ = {
			isa = PBXResourcesBuildPhase;
			buildActionMask = 2147483647;
			files = (
			);
			runOnlyForDeploymentPostprocessing = 0;
		};
		2D28B2AC23C2FF8400112540 /* Resources */ = {
			isa = PBXResourcesBuildPhase;
			buildActionMask = 2147483647;
			files = (
			);
			runOnlyForDeploymentPostprocessing = 0;
		};
/* End PBXResourcesBuildPhase section */

/* Begin PBXSourcesBuildPhase section */
		2D28B28923C2FF8300112540 /* Sources */ = {
			isa = PBXSourcesBuildPhase;
			buildActionMask = 2147483647;
			files = (
				2D28B2CA23C39A5000112540 /* thirdPartOneViewController.swift in Sources */,
				2D8FDEA723C834CB00313ACF /* MyButton.swift in Sources */,
				2D28B2C123C36F8B00112540 /* SecondViewController.swift in Sources */,
				2D1BA49B23C59CC400798CEC /* sixthPartOne.swift in Sources */,
				2DFE76E623C4DBE100A5F115 /* BlackHoleView.swift in Sources */,
				2D28B2D023C4130700112540 /* ThirdPartTwoViewController.swift in Sources */,
				2D28B29523C2FF8300112540 /* ViewController.swift in Sources */,
				2D8FDEA423C77C0F00313ACF /* SeventhParthOne.swift in Sources */,
				2D8FDEB023C8D67100313ACF /* ButtonView.swift in Sources */,
				2D28B2D323C46BCC00112540 /* ForthPartOneViewController.swift in Sources */,
				2D8FDEA923C840D100313ACF /* EightPartOne.swift in Sources */,
				2D28B2C523C382B600112540 /* ThirdViewController.swift in Sources */,
				2D8FDEAE23C8C01B00313ACF /* CircleView.swift in Sources */,
				2D8FDEC323CC68F200313ACF /* BezierView.swift in Sources */,
				2D8FDEC523CCA89D00313ACF /* LineChartView.swift in Sources */,
				2D8FDEBA23CB6A3200313ACF /* TenthPartOne.swift in Sources */,
				2DFE76E423C4DAD900A5F115 /* ForthPartTwoViewController.swift in Sources */,
				2D28B29123C2FF8300112540 /* AppDelegate.swift in Sources */,
				2DFE76E923C5620300A5F115 /* FifthOne.swift in Sources */,
				2D8FDED023CD6F0200313ACF /* TwelfthPatrOne.swift in Sources */,
				2D8FDED223CD87A800313ACF /* TwelfthPartTwo.swift in Sources */,
				2D8FDEB323CAE1D800313ACF /* NinthParteOne.swift in Sources */,
				2D28B29323C2FF8300112540 /* SceneDelegate.swift in Sources */,
				2D8FDEAB23C8463000313ACF /* EightPartTwo.swift in Sources */,
				2D8FDEC123CC39E700313ACF /* EleventhPartOne.swift in Sources */,
				2D8FDEC723CD508200313ACF /* BarChartView.swift in Sources */,
			);
			runOnlyForDeploymentPostprocessing = 0;
		};
		2D28B29F23C2FF8400112540 /* Sources */ = {
			isa = PBXSourcesBuildPhase;
			buildActionMask = 2147483647;
			files = (
				2D28B2A823C2FF8400112540 /* animationSwiftTests.swift in Sources */,
			);
			runOnlyForDeploymentPostprocessing = 0;
		};
		2D28B2AA23C2FF8400112540 /* Sources */ = {
			isa = PBXSourcesBuildPhase;
			buildActionMask = 2147483647;
			files = (
				2D28B2B323C2FF8400112540 /* animationSwiftUITests.swift in Sources */,
			);
			runOnlyForDeploymentPostprocessing = 0;
		};
/* End PBXSourcesBuildPhase section */

/* Begin PBXTargetDependency section */
		2D28B2A523C2FF8400112540 /* PBXTargetDependency */ = {
			isa = PBXTargetDependency;
			target = 2D28B28C23C2FF8300112540 /* animationSwift */;
			targetProxy = 2D28B2A423C2FF8400112540 /* PBXContainerItemProxy */;
		};
		2D28B2B023C2FF8400112540 /* PBXTargetDependency */ = {
			isa = PBXTargetDependency;
			target = 2D28B28C23C2FF8300112540 /* animationSwift */;
			targetProxy = 2D28B2AF23C2FF8400112540 /* PBXContainerItemProxy */;
		};
/* End PBXTargetDependency section */

/* Begin PBXVariantGroup section */
		2D28B29623C2FF8300112540 /* Main.storyboard */ = {
			isa = PBXVariantGroup;
			children = (
				2D28B29723C2FF8300112540 /* Base */,
			);
			name = Main.storyboard;
			sourceTree = "<group>";
		};
		2D28B29B23C2FF8400112540 /* LaunchScreen.storyboard */ = {
			isa = PBXVariantGroup;
			children = (
				2D28B29C23C2FF8400112540 /* Base */,
			);
			name = LaunchScreen.storyboard;
			sourceTree = "<group>";
		};
/* End PBXVariantGroup section */

/* Begin XCBuildConfiguration section */
		2D28B2B523C2FF8400112540 /* Debug */ = {
			isa = XCBuildConfiguration;
			buildSettings = {
				ALWAYS_SEARCH_USER_PATHS = NO;
				CLANG_ANALYZER_NONNULL = YES;
				CLANG_ANALYZER_NUMBER_OBJECT_CONVERSION = YES_AGGRESSIVE;
				CLANG_CXX_LANGUAGE_STANDARD = "gnu++14";
				CLANG_CXX_LIBRARY = "libc++";
				CLANG_ENABLE_MODULES = YES;
				CLANG_ENABLE_OBJC_ARC = YES;
				CLANG_ENABLE_OBJC_WEAK = YES;
				CLANG_WARN_BLOCK_CAPTURE_AUTORELEASING = YES;
				CLANG_WARN_BOOL_CONVERSION = YES;
				CLANG_WARN_COMMA = YES;
				CLANG_WARN_CONSTANT_CONVERSION = YES;
				CLANG_WARN_DEPRECATED_OBJC_IMPLEMENTATIONS = YES;
				CLANG_WARN_DIRECT_OBJC_ISA_USAGE = YES_ERROR;
				CLANG_WARN_DOCUMENTATION_COMMENTS = YES;
				CLANG_WARN_EMPTY_BODY = YES;
				CLANG_WARN_ENUM_CONVERSION = YES;
				CLANG_WARN_INFINITE_RECURSION = YES;
				CLANG_WARN_INT_CONVERSION = YES;
				CLANG_WARN_NON_LITERAL_NULL_CONVERSION = YES;
				CLANG_WARN_OBJC_IMPLICIT_RETAIN_SELF = YES;
				CLANG_WARN_OBJC_LITERAL_CONVERSION = YES;
				CLANG_WARN_OBJC_ROOT_CLASS = YES_ERROR;
				CLANG_WARN_RANGE_LOOP_ANALYSIS = YES;
				CLANG_WARN_STRICT_PROTOTYPES = YES;
				CLANG_WARN_SUSPICIOUS_MOVE = YES;
				CLANG_WARN_UNGUARDED_AVAILABILITY = YES_AGGRESSIVE;
				CLANG_WARN_UNREACHABLE_CODE = YES;
				CLANG_WARN__DUPLICATE_METHOD_MATCH = YES;
				COPY_PHASE_STRIP = NO;
				DEBUG_INFORMATION_FORMAT = dwarf;
				ENABLE_STRICT_OBJC_MSGSEND = YES;
				ENABLE_TESTABILITY = YES;
				GCC_C_LANGUAGE_STANDARD = gnu11;
				GCC_DYNAMIC_NO_PIC = NO;
				GCC_NO_COMMON_BLOCKS = YES;
				GCC_OPTIMIZATION_LEVEL = 0;
				GCC_PREPROCESSOR_DEFINITIONS = (
					"DEBUG=1",
					"$(inherited)",
				);
				GCC_WARN_64_TO_32_BIT_CONVERSION = YES;
				GCC_WARN_ABOUT_RETURN_TYPE = YES_ERROR;
				GCC_WARN_UNDECLARED_SELECTOR = YES;
				GCC_WARN_UNINITIALIZED_AUTOS = YES_AGGRESSIVE;
				GCC_WARN_UNUSED_FUNCTION = YES;
				GCC_WARN_UNUSED_VARIABLE = YES;
				IPHONEOS_DEPLOYMENT_TARGET = 13.0;
				MTL_ENABLE_DEBUG_INFO = INCLUDE_SOURCE;
				MTL_FAST_MATH = YES;
				ONLY_ACTIVE_ARCH = YES;
				SDKROOT = iphoneos;
				SWIFT_ACTIVE_COMPILATION_CONDITIONS = DEBUG;
				SWIFT_OPTIMIZATION_LEVEL = "-Onone";
			};
			name = Debug;
		};
		2D28B2B623C2FF8400112540 /* Release */ = {
			isa = XCBuildConfiguration;
			buildSettings = {
				ALWAYS_SEARCH_USER_PATHS = NO;
				CLANG_ANALYZER_NONNULL = YES;
				CLANG_ANALYZER_NUMBER_OBJECT_CONVERSION = YES_AGGRESSIVE;
				CLANG_CXX_LANGUAGE_STANDARD = "gnu++14";
				CLANG_CXX_LIBRARY = "libc++";
				CLANG_ENABLE_MODULES = YES;
				CLANG_ENABLE_OBJC_ARC = YES;
				CLANG_ENABLE_OBJC_WEAK = YES;
				CLANG_WARN_BLOCK_CAPTURE_AUTORELEASING = YES;
				CLANG_WARN_BOOL_CONVERSION = YES;
				CLANG_WARN_COMMA = YES;
				CLANG_WARN_CONSTANT_CONVERSION = YES;
				CLANG_WARN_DEPRECATED_OBJC_IMPLEMENTATIONS = YES;
				CLANG_WARN_DIRECT_OBJC_ISA_USAGE = YES_ERROR;
				CLANG_WARN_DOCUMENTATION_COMMENTS = YES;
				CLANG_WARN_EMPTY_BODY = YES;
				CLANG_WARN_ENUM_CONVERSION = YES;
				CLANG_WARN_INFINITE_RECURSION = YES;
				CLANG_WARN_INT_CONVERSION = YES;
				CLANG_WARN_NON_LITERAL_NULL_CONVERSION = YES;
				CLANG_WARN_OBJC_IMPLICIT_RETAIN_SELF = YES;
				CLANG_WARN_OBJC_LITERAL_CONVERSION = YES;
				CLANG_WARN_OBJC_ROOT_CLASS = YES_ERROR;
				CLANG_WARN_RANGE_LOOP_ANALYSIS = YES;
				CLANG_WARN_STRICT_PROTOTYPES = YES;
				CLANG_WARN_SUSPICIOUS_MOVE = YES;
				CLANG_WARN_UNGUARDED_AVAILABILITY = YES_AGGRESSIVE;
				CLANG_WARN_UNREACHABLE_CODE = YES;
				CLANG_WARN__DUPLICATE_METHOD_MATCH = YES;
				COPY_PHASE_STRIP = NO;
				DEBUG_INFORMATION_FORMAT = "dwarf-with-dsym";
				ENABLE_NS_ASSERTIONS = NO;
				ENABLE_STRICT_OBJC_MSGSEND = YES;
				GCC_C_LANGUAGE_STANDARD = gnu11;
				GCC_NO_COMMON_BLOCKS = YES;
				GCC_WARN_64_TO_32_BIT_CONVERSION = YES;
				GCC_WARN_ABOUT_RETURN_TYPE = YES_ERROR;
				GCC_WARN_UNDECLARED_SELECTOR = YES;
				GCC_WARN_UNINITIALIZED_AUTOS = YES_AGGRESSIVE;
				GCC_WARN_UNUSED_FUNCTION = YES;
				GCC_WARN_UNUSED_VARIABLE = YES;
				IPHONEOS_DEPLOYMENT_TARGET = 13.0;
				MTL_ENABLE_DEBUG_INFO = NO;
				MTL_FAST_MATH = YES;
				SDKROOT = iphoneos;
				SWIFT_COMPILATION_MODE = wholemodule;
				SWIFT_OPTIMIZATION_LEVEL = "-O";
				VALIDATE_PRODUCT = YES;
			};
			name = Release;
		};
		2D28B2B823C2FF8400112540 /* Debug */ = {
			isa = XCBuildConfiguration;
			buildSettings = {
				ASSETCATALOG_COMPILER_APPICON_NAME = AppIcon;
				CODE_SIGN_STYLE = Automatic;
				DEVELOPMENT_TEAM = 4T85LNDJD2;
				INFOPLIST_FILE = animationSwift/Info.plist;
				LD_RUNPATH_SEARCH_PATHS = (
					"$(inherited)",
					"@executable_path/Frameworks",
				);
				PRODUCT_BUNDLE_IDENTIFIER = learn.animationSwift;
				PRODUCT_NAME = "$(TARGET_NAME)";
				SWIFT_VERSION = 5.0;
				TARGETED_DEVICE_FAMILY = "1,2";
			};
			name = Debug;
		};
		2D28B2B923C2FF8400112540 /* Release */ = {
			isa = XCBuildConfiguration;
			buildSettings = {
				ASSETCATALOG_COMPILER_APPICON_NAME = AppIcon;
				CODE_SIGN_STYLE = Automatic;
				DEVELOPMENT_TEAM = 4T85LNDJD2;
				INFOPLIST_FILE = animationSwift/Info.plist;
				LD_RUNPATH_SEARCH_PATHS = (
					"$(inherited)",
					"@executable_path/Frameworks",
				);
				PRODUCT_BUNDLE_IDENTIFIER = learn.animationSwift;
				PRODUCT_NAME = "$(TARGET_NAME)";
				SWIFT_VERSION = 5.0;
				TARGETED_DEVICE_FAMILY = "1,2";
			};
			name = Release;
		};
		2D28B2BB23C2FF8400112540 /* Debug */ = {
			isa = XCBuildConfiguration;
			buildSettings = {
				ALWAYS_EMBED_SWIFT_STANDARD_LIBRARIES = YES;
				BUNDLE_LOADER = "$(TEST_HOST)";
				CODE_SIGN_STYLE = Automatic;
				INFOPLIST_FILE = animationSwiftTests/Info.plist;
				IPHONEOS_DEPLOYMENT_TARGET = 13.1;
				LD_RUNPATH_SEARCH_PATHS = (
					"$(inherited)",
					"@executable_path/Frameworks",
					"@loader_path/Frameworks",
				);
				PRODUCT_BUNDLE_IDENTIFIER = learn.animationSwiftTests;
				PRODUCT_NAME = "$(TARGET_NAME)";
				SWIFT_VERSION = 5.0;
				TARGETED_DEVICE_FAMILY = "1,2";
				TEST_HOST = "$(BUILT_PRODUCTS_DIR)/animationSwift.app/animationSwift";
			};
			name = Debug;
		};
		2D28B2BC23C2FF8400112540 /* Release */ = {
			isa = XCBuildConfiguration;
			buildSettings = {
				ALWAYS_EMBED_SWIFT_STANDARD_LIBRARIES = YES;
				BUNDLE_LOADER = "$(TEST_HOST)";
				CODE_SIGN_STYLE = Automatic;
				INFOPLIST_FILE = animationSwiftTests/Info.plist;
				IPHONEOS_DEPLOYMENT_TARGET = 13.1;
				LD_RUNPATH_SEARCH_PATHS = (
					"$(inherited)",
					"@executable_path/Frameworks",
					"@loader_path/Frameworks",
				);
				PRODUCT_BUNDLE_IDENTIFIER = learn.animationSwiftTests;
				PRODUCT_NAME = "$(TARGET_NAME)";
				SWIFT_VERSION = 5.0;
				TARGETED_DEVICE_FAMILY = "1,2";
				TEST_HOST = "$(BUILT_PRODUCTS_DIR)/animationSwift.app/animationSwift";
			};
			name = Release;
		};
		2D28B2BE23C2FF8400112540 /* Debug */ = {
			isa = XCBuildConfiguration;
			buildSettings = {
				ALWAYS_EMBED_SWIFT_STANDARD_LIBRARIES = YES;
				CODE_SIGN_STYLE = Automatic;
				INFOPLIST_FILE = animationSwiftUITests/Info.plist;
				LD_RUNPATH_SEARCH_PATHS = (
					"$(inherited)",
					"@executable_path/Frameworks",
					"@loader_path/Frameworks",
				);
				PRODUCT_BUNDLE_IDENTIFIER = learn.animationSwiftUITests;
				PRODUCT_NAME = "$(TARGET_NAME)";
				SWIFT_VERSION = 5.0;
				TARGETED_DEVICE_FAMILY = "1,2";
				TEST_TARGET_NAME = animationSwift;
			};
			name = Debug;
		};
		2D28B2BF23C2FF8400112540 /* Release */ = {
			isa = XCBuildConfiguration;
			buildSettings = {
				ALWAYS_EMBED_SWIFT_STANDARD_LIBRARIES = YES;
				CODE_SIGN_STYLE = Automatic;
				INFOPLIST_FILE = animationSwiftUITests/Info.plist;
				LD_RUNPATH_SEARCH_PATHS = (
					"$(inherited)",
					"@executable_path/Frameworks",
					"@loader_path/Frameworks",
				);
				PRODUCT_BUNDLE_IDENTIFIER = learn.animationSwiftUITests;
				PRODUCT_NAME = "$(TARGET_NAME)";
				SWIFT_VERSION = 5.0;
				TARGETED_DEVICE_FAMILY = "1,2";
				TEST_TARGET_NAME = animationSwift;
			};
			name = Release;
		};
/* End XCBuildConfiguration section */

/* Begin XCConfigurationList section */
		2D28B28823C2FF8300112540 /* Build configuration list for PBXProject "animationSwift" */ = {
			isa = XCConfigurationList;
			buildConfigurations = (
				2D28B2B523C2FF8400112540 /* Debug */,
				2D28B2B623C2FF8400112540 /* Release */,
			);
			defaultConfigurationIsVisible = 0;
			defaultConfigurationName = Release;
		};
		2D28B2B723C2FF8400112540 /* Build configuration list for PBXNativeTarget "animationSwift" */ = {
			isa = XCConfigurationList;
			buildConfigurations = (
				2D28B2B823C2FF8400112540 /* Debug */,
				2D28B2B923C2FF8400112540 /* Release */,
			);
			defaultConfigurationIsVisible = 0;
			defaultConfigurationName = Release;
		};
		2D28B2BA23C2FF8400112540 /* Build configuration list for PBXNativeTarget "animationSwiftTests" */ = {
			isa = XCConfigurationList;
			buildConfigurations = (
				2D28B2BB23C2FF8400112540 /* Debug */,
				2D28B2BC23C2FF8400112540 /* Release */,
			);
			defaultConfigurationIsVisible = 0;
			defaultConfigurationName = Release;
		};
		2D28B2BD23C2FF8400112540 /* Build configuration list for PBXNativeTarget "animationSwiftUITests" */ = {
			isa = XCConfigurationList;
			buildConfigurations = (
				2D28B2BE23C2FF8400112540 /* Debug */,
				2D28B2BF23C2FF8400112540 /* Release */,
			);
			defaultConfigurationIsVisible = 0;
			defaultConfigurationName = Release;
		};
/* End XCConfigurationList section */
	};
	rootObject = 2D28B28523C2FF8300112540 /* Project object */;
}
