// !$*UTF8*$!
{
	archiveVersion = 1;
	classes = {
	};
	objectVersion = 50;
	objects = {

/* Begin PBXBuildFile section */
		2D28B25123C2E6AE00112540 /* AppDelegate.m in Sources */ = {isa = PBXBuildFile; fileRef = 2D28B25023C2E6AE00112540 /* AppDelegate.m */; };
		2D28B25423C2E6AE00112540 /* SceneDelegate.m in Sources */ = {isa = PBXBuildFile; fileRef = 2D28B25323C2E6AE00112540 /* SceneDelegate.m */; };
		2D28B25723C2E6AE00112540 /* ViewController.m in Sources */ = {isa = PBXBuildFile; fileRef = 2D28B25623C2E6AE00112540 /* ViewController.m */; };
		2D28B25A23C2E6AE00112540 /* Main.storyboard in Resources */ = {isa = PBXBuildFile; fileRef = 2D28B25823C2E6AE00112540 /* Main.storyboard */; };
		2D28B25C23C2E6B000112540 /* Assets.xcassets in Resources */ = {isa = PBXBuildFile; fileRef = 2D28B25B23C2E6B000112540 /* Assets.xcassets */; };
		2D28B25F23C2E6B000112540 /* LaunchScreen.storyboard in Resources */ = {isa = PBXBuildFile; fileRef = 2D28B25D23C2E6B000112540 /* LaunchScreen.storyboard */; };
		2D28B26223C2E6B000112540 /* main.m in Sources */ = {isa = PBXBuildFile; fileRef = 2D28B26123C2E6B000112540 /* main.m */; };
		2D28B26C23C2E6B000112540 /* animationTests.m in Sources */ = {isa = PBXBuildFile; fileRef = 2D28B26B23C2E6B000112540 /* animationTests.m */; };
		2D28B27723C2E6B000112540 /* animationUITests.m in Sources */ = {isa = PBXBuildFile; fileRef = 2D28B27623C2E6B000112540 /* animationUITests.m */; };
/* End PBXBuildFile section */

/* Begin PBXContainerItemProxy section */
		2D28B26823C2E6B000112540 /* PBXContainerItemProxy */ = {
			isa = PBXContainerItemProxy;
			containerPortal = 2D28B24423C2E6AE00112540 /* Project object */;
			proxyType = 1;
			remoteGlobalIDString = 2D28B24B23C2E6AE00112540;
			remoteInfo = animation;
		};
		2D28B27323C2E6B000112540 /* PBXContainerItemProxy */ = {
			isa = PBXContainerItemProxy;
			containerPortal = 2D28B24423C2E6AE00112540 /* Project object */;
			proxyType = 1;
			remoteGlobalIDString = 2D28B24B23C2E6AE00112540;
			remoteInfo = animation;
		};
/* End PBXContainerItemProxy section */

/* Begin PBXFileReference section */
		2D28B24C23C2E6AE00112540 /* animation.app */ = {isa = PBXFileReference; explicitFileType = wrapper.application; includeInIndex = 0; path = animation.app; sourceTree = BUILT_PRODUCTS_DIR; };
		2D28B24F23C2E6AE00112540 /* AppDelegate.h */ = {isa = PBXFileReference; lastKnownFileType = sourcecode.c.h; path = AppDelegate.h; sourceTree = "<group>"; };
		2D28B25023C2E6AE00112540 /* AppDelegate.m */ = {isa = PBXFileReference; lastKnownFileType = sourcecode.c.objc; path = AppDelegate.m; sourceTree = "<group>"; };
		2D28B25223C2E6AE00112540 /* SceneDelegate.h */ = {isa = PBXFileReference; lastKnownFileType = sourcecode.c.h; path = SceneDelegate.h; sourceTree = "<group>"; };
		2D28B25323C2E6AE00112540 /* SceneDelegate.m */ = {isa = PBXFileReference; lastKnownFileType = sourcecode.c.objc; path = SceneDelegate.m; sourceTree = "<group>"; };
		2D28B25523C2E6AE00112540 /* ViewController.h */ = {isa = PBXFileReference; lastKnownFileType = sourcecode.c.h; path = ViewController.h; sourceTree = "<group>"; };
		2D28B25623C2E6AE00112540 /* ViewController.m */ = {isa = PBXFileReference; lastKnownFileType = sourcecode.c.objc; path = ViewController.m; sourceTree = "<group>"; };
		2D28B25923C2E6AE00112540 /* Base */ = {isa = PBXFileReference; lastKnownFileType = file.storyboard; name = Base; path = Base.lproj/Main.storyboard; sourceTree = "<group>"; };
		2D28B25B23C2E6B000112540 /* Assets.xcassets */ = {isa = PBXFileReference; lastKnownFileType = folder.assetcatalog; path = Assets.xcassets; sourceTree = "<group>"; };
		2D28B25E23C2E6B000112540 /* Base */ = {isa = PBXFileReference; lastKnownFileType = file.storyboard; name = Base; path = Base.lproj/LaunchScreen.storyboard; sourceTree = "<group>"; };
		2D28B26023C2E6B000112540 /* Info.plist */ = {isa = PBXFileReference; lastKnownFileType = text.plist.xml; path = Info.plist; sourceTree = "<group>"; };
		2D28B26123C2E6B000112540 /* main.m */ = {isa = PBXFileReference; lastKnownFileType = sourcecode.c.objc; path = main.m; sourceTree = "<group>"; };
		2D28B26723C2E6B000112540 /* animationTests.xctest */ = {isa = PBXFileReference; explicitFileType = wrapper.cfbundle; includeInIndex = 0; path = animationTests.xctest; sourceTree = BUILT_PRODUCTS_DIR; };
		2D28B26B23C2E6B000112540 /* animationTests.m */ = {isa = PBXFileReference; lastKnownFileType = sourcecode.c.objc; path = animationTests.m; sourceTree = "<group>"; };
		2D28B26D23C2E6B000112540 /* Info.plist */ = {isa = PBXFileReference; lastKnownFileType = text.plist.xml; path = Info.plist; sourceTree = "<group>"; };
		2D28B27223C2E6B000112540 /* animationUITests.xctest */ = {isa = PBXFileReference; explicitFileType = wrapper.cfbundle; includeInIndex = 0; path = animationUITests.xctest; sourceTree = BUILT_PRODUCTS_DIR; };
		2D28B27623C2E6B000112540 /* animationUITests.m */ = {isa = PBXFileReference; lastKnownFileType = sourcecode.c.objc; path = animationUITests.m; sourceTree = "<group>"; };
		2D28B27823C2E6B000112540 /* Info.plist */ = {isa = PBXFileReference; lastKnownFileType = text.plist.xml; path = Info.plist; sourceTree = "<group>"; };
/* End PBXFileReference section */

/* Begin PBXFrameworksBuildPhase section */
		2D28B24923C2E6AE00112540 /* Frameworks */ = {
			isa = PBXFrameworksBuildPhase;
			buildActionMask = 2147483647;
			files = (
			);
			runOnlyForDeploymentPostprocessing = 0;
		};
		2D28B26423C2E6B000112540 /* Frameworks */ = {
			isa = PBXFrameworksBuildPhase;
			buildActionMask = 2147483647;
			files = (
			);
			runOnlyForDeploymentPostprocessing = 0;
		};
		2D28B26F23C2E6B000112540 /* Frameworks */ = {
			isa = PBXFrameworksBuildPhase;
			buildActionMask = 2147483647;
			files = (
			);
			runOnlyForDeploymentPostprocessing = 0;
		};
/* End PBXFrameworksBuildPhase section */

/* Begin PBXGroup section */
		2D28B24323C2E6AE00112540 = {
			isa = PBXGroup;
			children = (
				2D28B24E23C2E6AE00112540 /* animation */,
				2D28B26A23C2E6B000112540 /* animationTests */,
				2D28B27523C2E6B000112540 /* animationUITests */,
				2D28B24D23C2E6AE00112540 /* Products */,
			);
			sourceTree = "<group>";
		};
		2D28B24D23C2E6AE00112540 /* Products */ = {
			isa = PBXGroup;
			children = (
				2D28B24C23C2E6AE00112540 /* animation.app */,
				2D28B26723C2E6B000112540 /* animationTests.xctest */,
				2D28B27223C2E6B000112540 /* animationUITests.xctest */,
			);
			name = Products;
			sourceTree = "<group>";
		};
		2D28B24E23C2E6AE00112540 /* animation */ = {
			isa = PBXGroup;
			children = (
				2D28B24F23C2E6AE00112540 /* AppDelegate.h */,
				2D28B25023C2E6AE00112540 /* AppDelegate.m */,
				2D28B25223C2E6AE00112540 /* SceneDelegate.h */,
				2D28B25323C2E6AE00112540 /* SceneDelegate.m */,
				2D28B25523C2E6AE00112540 /* ViewController.h */,
				2D28B25623C2E6AE00112540 /* ViewController.m */,
				2D28B25823C2E6AE00112540 /* Main.storyboard */,
				2D28B25B23C2E6B000112540 /* Assets.xcassets */,
				2D28B25D23C2E6B000112540 /* LaunchScreen.storyboard */,
				2D28B26023C2E6B000112540 /* Info.plist */,
				2D28B26123C2E6B000112540 /* main.m */,
			);
			path = animation;
			sourceTree = "<group>";
		};
		2D28B26A23C2E6B000112540 /* animationTests */ = {
			isa = PBXGroup;
			children = (
				2D28B26B23C2E6B000112540 /* animationTests.m */,
				2D28B26D23C2E6B000112540 /* Info.plist */,
			);
			path = animationTests;
			sourceTree = "<group>";
		};
		2D28B27523C2E6B000112540 /* animationUITests */ = {
			isa = PBXGroup;
			children = (
				2D28B27623C2E6B000112540 /* animationUITests.m */,
				2D28B27823C2E6B000112540 /* Info.plist */,
			);
			path = animationUITests;
			sourceTree = "<group>";
		};
/* End PBXGroup section */

/* Begin PBXNativeTarget section */
		2D28B24B23C2E6AE00112540 /* animation */ = {
			isa = PBXNativeTarget;
			buildConfigurationList = 2D28B27B23C2E6B000112540 /* Build configuration list for PBXNativeTarget "animation" */;
			buildPhases = (
				2D28B24823C2E6AE00112540 /* Sources */,
				2D28B24923C2E6AE00112540 /* Frameworks */,
				2D28B24A23C2E6AE00112540 /* Resources */,
			);
			buildRules = (
			);
			dependencies = (
			);
			name = animation;
			productName = animation;
			productReference = 2D28B24C23C2E6AE00112540 /* animation.app */;
			productType = "com.apple.product-type.application";
		};
		2D28B26623C2E6B000112540 /* animationTests */ = {
			isa = PBXNativeTarget;
			buildConfigurationList = 2D28B27E23C2E6B000112540 /* Build configuration list for PBXNativeTarget "animationTests" */;
			buildPhases = (
				2D28B26323C2E6B000112540 /* Sources */,
				2D28B26423C2E6B000112540 /* Frameworks */,
				2D28B26523C2E6B000112540 /* Resources */,
			);
			buildRules = (
			);
			dependencies = (
				2D28B26923C2E6B000112540 /* PBXTargetDependency */,
			);
			name = animationTests;
			productName = animationTests;
			productReference = 2D28B26723C2E6B000112540 /* animationTests.xctest */;
			productType = "com.apple.product-type.bundle.unit-test";
		};
		2D28B27123C2E6B000112540 /* animationUITests */ = {
			isa = PBXNativeTarget;
			buildConfigurationList = 2D28B28123C2E6B000112540 /* Build configuration list for PBXNativeTarget "animationUITests" */;
			buildPhases = (
				2D28B26E23C2E6B000112540 /* Sources */,
				2D28B26F23C2E6B000112540 /* Frameworks */,
				2D28B27023C2E6B000112540 /* Resources */,
			);
			buildRules = (
			);
			dependencies = (
				2D28B27423C2E6B000112540 /* PBXTargetDependency */,
			);
			name = animationUITests;
			productName = animationUITests;
			productReference = 2D28B27223C2E6B000112540 /* animationUITests.xctest */;
			productType = "com.apple.product-type.bundle.ui-testing";
		};
/* End PBXNativeTarget section */

/* Begin PBXProject section */
		2D28B24423C2E6AE00112540 /* Project object */ = {
			isa = PBXProject;
			attributes = {
				LastUpgradeCheck = 1110;
				ORGANIZATIONNAME = cyl;
				TargetAttributes = {
					2D28B24B23C2E6AE00112540 = {
						CreatedOnToolsVersion = 11.1;
					};
					2D28B26623C2E6B000112540 = {
						CreatedOnToolsVersion = 11.1;
						TestTargetID = 2D28B24B23C2E6AE00112540;
					};
					2D28B27123C2E6B000112540 = {
						CreatedOnToolsVersion = 11.1;
						TestTargetID = 2D28B24B23C2E6AE00112540;
					};
				};
			};
			buildConfigurationList = 2D28B24723C2E6AE00112540 /* Build configuration list for PBXProject "animation" */;
			compatibilityVersion = "Xcode 9.3";
			developmentRegion = en;
			hasScannedForEncodings = 0;
			knownRegions = (
				en,
				Base,
			);
			mainGroup = 2D28B24323C2E6AE00112540;
			productRefGroup = 2D28B24D23C2E6AE00112540 /* Products */;
			projectDirPath = "";
			projectRoot = "";
			targets = (
				2D28B24B23C2E6AE00112540 /* animation */,
				2D28B26623C2E6B000112540 /* animationTests */,
				2D28B27123C2E6B000112540 /* animationUITests */,
			);
		};
/* End PBXProject section */

/* Begin PBXResourcesBuildPhase section */
		2D28B24A23C2E6AE00112540 /* Resources */ = {
			isa = PBXResourcesBuildPhase;
			buildActionMask = 2147483647;
			files = (
				2D28B25F23C2E6B000112540 /* LaunchScreen.storyboard in Resources */,
				2D28B25C23C2E6B000112540 /* Assets.xcassets in Resources */,
				2D28B25A23C2E6AE00112540 /* Main.storyboard in Resources */,
			);
			runOnlyForDeploymentPostprocessing = 0;
		};
		2D28B26523C2E6B000112540 /* Resources */ = {
			isa = PBXResourcesBuildPhase;
			buildActionMask = 2147483647;
			files = (
			);
			runOnlyForDeploymentPostprocessing = 0;
		};
		2D28B27023C2E6B000112540 /* Resources */ = {
			isa = PBXResourcesBuildPhase;
			buildActionMask = 2147483647;
			files = (
			);
			runOnlyForDeploymentPostprocessing = 0;
		};
/* End PBXResourcesBuildPhase section */

/* Begin PBXSourcesBuildPhase section */
		2D28B24823C2E6AE00112540 /* Sources */ = {
			isa = PBXSourcesBuildPhase;
			buildActionMask = 2147483647;
			files = (
				2D28B25723C2E6AE00112540 /* ViewController.m in Sources */,
				2D28B25123C2E6AE00112540 /* AppDelegate.m in Sources */,
				2D28B26223C2E6B000112540 /* main.m in Sources */,
				2D28B25423C2E6AE00112540 /* SceneDelegate.m in Sources */,
			);
			runOnlyForDeploymentPostprocessing = 0;
		};
		2D28B26323C2E6B000112540 /* Sources */ = {
			isa = PBXSourcesBuildPhase;
			buildActionMask = 2147483647;
			files = (
				2D28B26C23C2E6B000112540 /* animationTests.m in Sources */,
			);
			runOnlyForDeploymentPostprocessing = 0;
		};
		2D28B26E23C2E6B000112540 /* Sources */ = {
			isa = PBXSourcesBuildPhase;
			buildActionMask = 2147483647;
			files = (
				2D28B27723C2E6B000112540 /* animationUITests.m in Sources */,
			);
			runOnlyForDeploymentPostprocessing = 0;
		};
/* End PBXSourcesBuildPhase section */

/* Begin PBXTargetDependency section */
		2D28B26923C2E6B000112540 /* PBXTargetDependency */ = {
			isa = PBXTargetDependency;
			target = 2D28B24B23C2E6AE00112540 /* animation */;
			targetProxy = 2D28B26823C2E6B000112540 /* PBXContainerItemProxy */;
		};
		2D28B27423C2E6B000112540 /* PBXTargetDependency */ = {
			isa = PBXTargetDependency;
			target = 2D28B24B23C2E6AE00112540 /* animation */;
			targetProxy = 2D28B27323C2E6B000112540 /* PBXContainerItemProxy */;
		};
/* End PBXTargetDependency section */

/* Begin PBXVariantGroup section */
		2D28B25823C2E6AE00112540 /* Main.storyboard */ = {
			isa = PBXVariantGroup;
			children = (
				2D28B25923C2E6AE00112540 /* Base */,
			);
			name = Main.storyboard;
			sourceTree = "<group>";
		};
		2D28B25D23C2E6B000112540 /* LaunchScreen.storyboard */ = {
			isa = PBXVariantGroup;
			children = (
				2D28B25E23C2E6B000112540 /* Base */,
			);
			name = LaunchScreen.storyboard;
			sourceTree = "<group>";
		};
/* End PBXVariantGroup section */

/* Begin XCBuildConfiguration section */
		2D28B27923C2E6B000112540 /* Debug */ = {
			isa = XCBuildConfiguration;
			buildSettings = {
				ALWAYS_SEARCH_USER_PATHS = NO;
				CLANG_ANALYZER_NONNULL = YES;
				CLANG_ANALYZER_NUMBER_OBJECT_CONVERSION = YES_AGGRESSIVE;
				CLANG_CXX_LANGUAGE_STANDARD = "gnu++14";
				CLANG_CXX_LIBRARY = "libc++";
				CLANG_ENABLE_MODULES = YES;
				CLANG_ENABLE_OBJC_ARC = YES;
				CLANG_ENABLE_OBJC_WEAK = YES;
				CLANG_WARN_BLOCK_CAPTURE_AUTORELEASING = YES;
				CLANG_WARN_BOOL_CONVERSION = YES;
				CLANG_WARN_COMMA = YES;
				CLANG_WARN_CONSTANT_CONVERSION = YES;
				CLANG_WARN_DEPRECATED_OBJC_IMPLEMENTATIONS = YES;
				CLANG_WARN_DIRECT_OBJC_ISA_USAGE = YES_ERROR;
				CLANG_WARN_DOCUMENTATION_COMMENTS = YES;
				CLANG_WARN_EMPTY_BODY = YES;
				CLANG_WARN_ENUM_CONVERSION = YES;
				CLANG_WARN_INFINITE_RECURSION = YES;
				CLANG_WARN_INT_CONVERSION = YES;
				CLANG_WARN_NON_LITERAL_NULL_CONVERSION = YES;
				CLANG_WARN_OBJC_IMPLICIT_RETAIN_SELF = YES;
				CLANG_WARN_OBJC_LITERAL_CONVERSION = YES;
				CLANG_WARN_OBJC_ROOT_CLASS = YES_ERROR;
				CLANG_WARN_RANGE_LOOP_ANALYSIS = YES;
				CLANG_WARN_STRICT_PROTOTYPES = YES;
				CLANG_WARN_SUSPICIOUS_MOVE = YES;
				CLANG_WARN_UNGUARDED_AVAILABILITY = YES_AGGRESSIVE;
				CLANG_WARN_UNREACHABLE_CODE = YES;
				CLANG_WARN__DUPLICATE_METHOD_MATCH = YES;
				COPY_PHASE_STRIP = NO;
				DEBUG_INFORMATION_FORMAT = dwarf;
				ENABLE_STRICT_OBJC_MSGSEND = YES;
				ENABLE_TESTABILITY = YES;
				GCC_C_LANGUAGE_STANDARD = gnu11;
				GCC_DYNAMIC_NO_PIC = NO;
				GCC_NO_COMMON_BLOCKS = YES;
				GCC_OPTIMIZATION_LEVEL = 0;
				GCC_PREPROCESSOR_DEFINITIONS = (
					"DEBUG=1",
					"$(inherited)",
				);
				GCC_WARN_64_TO_32_BIT_CONVERSION = YES;
				GCC_WARN_ABOUT_RETURN_TYPE = YES_ERROR;
				GCC_WARN_UNDECLARED_SELECTOR = YES;
				GCC_WARN_UNINITIALIZED_AUTOS = YES_AGGRESSIVE;
				GCC_WARN_UNUSED_FUNCTION = YES;
				GCC_WARN_UNUSED_VARIABLE = YES;
				IPHONEOS_DEPLOYMENT_TARGET = 13.1;
				MTL_ENABLE_DEBUG_INFO = INCLUDE_SOURCE;
				MTL_FAST_MATH = YES;
				ONLY_ACTIVE_ARCH = YES;
				SDKROOT = iphoneos;
			};
			name = Debug;
		};
		2D28B27A23C2E6B000112540 /* Release */ = {
			isa = XCBuildConfiguration;
			buildSettings = {
				ALWAYS_SEARCH_USER_PATHS = NO;
				CLANG_ANALYZER_NONNULL = YES;
				CLANG_ANALYZER_NUMBER_OBJECT_CONVERSION = YES_AGGRESSIVE;
				CLANG_CXX_LANGUAGE_STANDARD = "gnu++14";
				CLANG_CXX_LIBRARY = "libc++";
				CLANG_ENABLE_MODULES = YES;
				CLANG_ENABLE_OBJC_ARC = YES;
				CLANG_ENABLE_OBJC_WEAK = YES;
				CLANG_WARN_BLOCK_CAPTURE_AUTORELEASING = YES;
				CLANG_WARN_BOOL_CONVERSION = YES;
				CLANG_WARN_COMMA = YES;
				CLANG_WARN_CONSTANT_CONVERSION = YES;
				CLANG_WARN_DEPRECATED_OBJC_IMPLEMENTATIONS = YES;
				CLANG_WARN_DIRECT_OBJC_ISA_USAGE = YES_ERROR;
				CLANG_WARN_DOCUMENTATION_COMMENTS = YES;
				CLANG_WARN_EMPTY_BODY = YES;
				CLANG_WARN_ENUM_CONVERSION = YES;
				CLANG_WARN_INFINITE_RECURSION = YES;
				CLANG_WARN_INT_CONVERSION = YES;
				CLANG_WARN_NON_LITERAL_NULL_CONVERSION = YES;
				CLANG_WARN_OBJC_IMPLICIT_RETAIN_SELF = YES;
				CLANG_WARN_OBJC_LITERAL_CONVERSION = YES;
				CLANG_WARN_OBJC_ROOT_CLASS = YES_ERROR;
				CLANG_WARN_RANGE_LOOP_ANALYSIS = YES;
				CLANG_WARN_STRICT_PROTOTYPES = YES;
				CLANG_WARN_SUSPICIOUS_MOVE = YES;
				CLANG_WARN_UNGUARDED_AVAILABILITY = YES_AGGRESSIVE;
				CLANG_WARN_UNREACHABLE_CODE = YES;
				CLANG_WARN__DUPLICATE_METHOD_MATCH = YES;
				COPY_PHASE_STRIP = NO;
				DEBUG_INFORMATION_FORMAT = "dwarf-with-dsym";
				ENABLE_NS_ASSERTIONS = NO;
				ENABLE_STRICT_OBJC_MSGSEND = YES;
				GCC_C_LANGUAGE_STANDARD = gnu11;
				GCC_NO_COMMON_BLOCKS = YES;
				GCC_WARN_64_TO_32_BIT_CONVERSION = YES;
				GCC_WARN_ABOUT_RETURN_TYPE = YES_ERROR;
				GCC_WARN_UNDECLARED_SELECTOR = YES;
				GCC_WARN_UNINITIALIZED_AUTOS = YES_AGGRESSIVE;
				GCC_WARN_UNUSED_FUNCTION = YES;
				GCC_WARN_UNUSED_VARIABLE = YES;
				IPHONEOS_DEPLOYMENT_TARGET = 13.1;
				MTL_ENABLE_DEBUG_INFO = NO;
				MTL_FAST_MATH = YES;
				SDKROOT = iphoneos;
				VALIDATE_PRODUCT = YES;
			};
			name = Release;
		};
		2D28B27C23C2E6B000112540 /* Debug */ = {
			isa = XCBuildConfiguration;
			buildSettings = {
				ASSETCATALOG_COMPILER_APPICON_NAME = AppIcon;
				CODE_SIGN_STYLE = Automatic;
				INFOPLIST_FILE = animation/Info.plist;
				LD_RUNPATH_SEARCH_PATHS = (
					"$(inherited)",
					"@executable_path/Frameworks",
				);
				PRODUCT_BUNDLE_IDENTIFIER = learn.animation;
				PRODUCT_NAME = "$(TARGET_NAME)";
				TARGETED_DEVICE_FAMILY = "1,2";
			};
			name = Debug;
		};
		2D28B27D23C2E6B000112540 /* Release */ = {
			isa = XCBuildConfiguration;
			buildSettings = {
				ASSETCATALOG_COMPILER_APPICON_NAME = AppIcon;
				CODE_SIGN_STYLE = Automatic;
				INFOPLIST_FILE = animation/Info.plist;
				LD_RUNPATH_SEARCH_PATHS = (
					"$(inherited)",
					"@executable_path/Frameworks",
				);
				PRODUCT_BUNDLE_IDENTIFIER = learn.animation;
				PRODUCT_NAME = "$(TARGET_NAME)";
				TARGETED_DEVICE_FAMILY = "1,2";
			};
			name = Release;
		};
		2D28B27F23C2E6B000112540 /* Debug */ = {
			isa = XCBuildConfiguration;
			buildSettings = {
				BUNDLE_LOADER = "$(TEST_HOST)";
				CODE_SIGN_STYLE = Automatic;
				INFOPLIST_FILE = animationTests/Info.plist;
				IPHONEOS_DEPLOYMENT_TARGET = 13.1;
				LD_RUNPATH_SEARCH_PATHS = (
					"$(inherited)",
					"@executable_path/Frameworks",
					"@loader_path/Frameworks",
				);
				PRODUCT_BUNDLE_IDENTIFIER = learn.animationTests;
				PRODUCT_NAME = "$(TARGET_NAME)";
				TARGETED_DEVICE_FAMILY = "1,2";
				TEST_HOST = "$(BUILT_PRODUCTS_DIR)/animation.app/animation";
			};
			name = Debug;
		};
		2D28B28023C2E6B000112540 /* Release */ = {
			isa = XCBuildConfiguration;
			buildSettings = {
				BUNDLE_LOADER = "$(TEST_HOST)";
				CODE_SIGN_STYLE = Automatic;
				INFOPLIST_FILE = animationTests/Info.plist;
				IPHONEOS_DEPLOYMENT_TARGET = 13.1;
				LD_RUNPATH_SEARCH_PATHS = (
					"$(inherited)",
					"@executable_path/Frameworks",
					"@loader_path/Frameworks",
				);
				PRODUCT_BUNDLE_IDENTIFIER = learn.animationTests;
				PRODUCT_NAME = "$(TARGET_NAME)";
				TARGETED_DEVICE_FAMILY = "1,2";
				TEST_HOST = "$(BUILT_PRODUCTS_DIR)/animation.app/animation";
			};
			name = Release;
		};
		2D28B28223C2E6B000112540 /* Debug */ = {
			isa = XCBuildConfiguration;
			buildSettings = {
				CODE_SIGN_STYLE = Automatic;
				INFOPLIST_FILE = animationUITests/Info.plist;
				LD_RUNPATH_SEARCH_PATHS = (
					"$(inherited)",
					"@executable_path/Frameworks",
					"@loader_path/Frameworks",
				);
				PRODUCT_BUNDLE_IDENTIFIER = learn.animationUITests;
				PRODUCT_NAME = "$(TARGET_NAME)";
				TARGETED_DEVICE_FAMILY = "1,2";
				TEST_TARGET_NAME = animation;
			};
			name = Debug;
		};
		2D28B28323C2E6B000112540 /* Release */ = {
			isa = XCBuildConfiguration;
			buildSettings = {
				CODE_SIGN_STYLE = Automatic;
				INFOPLIST_FILE = animationUITests/Info.plist;
				LD_RUNPATH_SEARCH_PATHS = (
					"$(inherited)",
					"@executable_path/Frameworks",
					"@loader_path/Frameworks",
				);
				PRODUCT_BUNDLE_IDENTIFIER = learn.animationUITests;
				PRODUCT_NAME = "$(TARGET_NAME)";
				TARGETED_DEVICE_FAMILY = "1,2";
				TEST_TARGET_NAME = animation;
			};
			name = Release;
		};
/* End XCBuildConfiguration section */

/* Begin XCConfigurationList section */
		2D28B24723C2E6AE00112540 /* Build configuration list for PBXProject "animation" */ = {
			isa = XCConfigurationList;
			buildConfigurations = (
				2D28B27923C2E6B000112540 /* Debug */,
				2D28B27A23C2E6B000112540 /* Release */,
			);
			defaultConfigurationIsVisible = 0;
			defaultConfigurationName = Release;
		};
		2D28B27B23C2E6B000112540 /* Build configuration list for PBXNativeTarget "animation" */ = {
			isa = XCConfigurationList;
			buildConfigurations = (
				2D28B27C23C2E6B000112540 /* Debug */,
				2D28B27D23C2E6B000112540 /* Release */,
			);
			defaultConfigurationIsVisible = 0;
			defaultConfigurationName = Release;
		};
		2D28B27E23C2E6B000112540 /* Build configuration list for PBXNativeTarget "animationTests" */ = {
			isa = XCConfigurationList;
			buildConfigurations = (
				2D28B27F23C2E6B000112540 /* Debug */,
				2D28B28023C2E6B000112540 /* Release */,
			);
			defaultConfigurationIsVisible = 0;
			defaultConfigurationName = Release;
		};
		2D28B28123C2E6B000112540 /* Build configuration list for PBXNativeTarget "animationUITests" */ = {
			isa = XCConfigurationList;
			buildConfigurations = (
				2D28B28223C2E6B000112540 /* Debug */,
				2D28B28323C2E6B000112540 /* Release */,
			);
			defaultConfigurationIsVisible = 0;
			defaultConfigurationName = Release;
		};
/* End XCConfigurationList section */
	};
	rootObject = 2D28B24423C2E6AE00112540 /* Project object */;
}
